PODS:
  - SnapKit (5.0.1)
  - SwiftFormat/CLI (0.40.11)
  - SwiftLint (0.34.0)
  - TinyConstraints (4.0.1)

DEPENDENCIES:
  - SnapKit (~> 5.0.0)
  - SwiftFormat/CLI
  - SwiftLint
  - TinyConstraints

SPEC REPOS:
  https://github.com/CocoaPods/Specs.git:
    - SwiftFormat
    - SwiftLint
    - TinyConstraints
  trunk:
    - SnapKit

SPEC CHECKSUMS:
  SnapKit: 97b92857e3df3a0c71833cce143274bf6ef8e5eb
  SwiftFormat: 304f39cab266d39c9d60f4fceec37ed6f43b931c
  SwiftLint: 79d48a17c6565dc286c37efb8322c7b450f95c67
  TinyConstraints: 8dd91295e56797648c7bc335dd20e1d91ec4c192

PODFILE CHECKSUM: 4e4385c0252360d0a813d97fa2346657f0a71e42

COCOAPODS: 1.10.1
