// !$*UTF8*$!
{
	archiveVersion = 1;
	classes = {
	};
	objectVersion = 51;
	objects = {

/* Begin PBXBuildFile section */
		350118E42315F01200A4EE79 /* PrepStepCellVMTests.swift in Sources */ = {isa = PBXBuildFile; fileRef = 350118E32315F01200A4EE79 /* PrepStepCellVMTests.swift */; };
		350118E62315F10D00A4EE79 /* BrewPrepVMTests.swift in Sources */ = {isa = PBXBuildFile; fileRef = 350118E52315F10D00A4EE79 /* BrewPrepVMTests.swift */; };
		350457EE23096CE300F4B8DC /* DesiredTasteViewController.swift in Sources */ = {isa = PBXBuildFile; fileRef = 350457ED23096CE300F4B8DC /* DesiredTasteViewController.swift */; };
		350457F32309A3C900F4B8DC /* MainViewControllerProvider.swift in Sources */ = {isa = PBXBuildFile; fileRef = 350457F22309A3C900F4B8DC /* MainViewControllerProvider.swift */; };
		350457F52309A47300F4B8DC /* Options.swift in Sources */ = {isa = PBXBuildFile; fileRef = 350457F42309A47300F4B8DC /* Options.swift */; };
		350457F82309ACB400F4B8DC /* MainViewControllerProvider.swift in Sources */ = {isa = PBXBuildFile; fileRef = 350457F22309A3C900F4B8DC /* MainViewControllerProvider.swift */; };
		350457FB2309AEB500F4B8DC /* UINavigationController+BaseNavigationController.swift in Sources */ = {isa = PBXBuildFile; fileRef = 350457FA2309AEB500F4B8DC /* UINavigationController+BaseNavigationController.swift */; };
		350457FD230A07DA00F4B8DC /* BaseViewController.swift in Sources */ = {isa = PBXBuildFile; fileRef = 350457FC230A07DA00F4B8DC /* BaseViewController.swift */; };
		35045800230A0C8F00F4B8DC /* BaseSceneView.swift in Sources */ = {isa = PBXBuildFile; fileRef = 350457FF230A0C8F00F4B8DC /* BaseSceneView.swift */; };
		35045802230A0E3300F4B8DC /* DesiredTasteSceneView.swift in Sources */ = {isa = PBXBuildFile; fileRef = 35045801230A0E3300F4B8DC /* DesiredTasteSceneView.swift */; };
		35047F99232D7420004413C2 /* BaseTableVMTests.swift in Sources */ = {isa = PBXBuildFile; fileRef = 35047F98232D7420004413C2 /* BaseTableVMTests.swift */; };
		3506807C231A9B8000604CE5 /* Double+toString.swift in Sources */ = {isa = PBXBuildFile; fileRef = 3506807B231A9B8000604CE5 /* Double+toString.swift */; };
		35072E3D230AFBFB00689F75 /* DiscreteSliderTests.swift in Sources */ = {isa = PBXBuildFile; fileRef = 35072E3C230AFBFB00689F75 /* DiscreteSliderTests.swift */; };
		35072E3F230B002000689F75 /* DiscreteSlider.swift in Sources */ = {isa = PBXBuildFile; fileRef = 35072E3E230B002000689F75 /* DiscreteSlider.swift */; };
		35072E40230B0BD900689F75 /* Options.swift in Sources */ = {isa = PBXBuildFile; fileRef = 350457F42309A47300F4B8DC /* Options.swift */; };
		35072E41230B0BEA00689F75 /* DesiredTasteViewController.swift in Sources */ = {isa = PBXBuildFile; fileRef = 350457ED23096CE300F4B8DC /* DesiredTasteViewController.swift */; };
		35072E42230B0BFA00689F75 /* BaseViewController.swift in Sources */ = {isa = PBXBuildFile; fileRef = 350457FC230A07DA00F4B8DC /* BaseViewController.swift */; };
		35072E43230B0C0200689F75 /* BaseSceneView.swift in Sources */ = {isa = PBXBuildFile; fileRef = 350457FF230A0C8F00F4B8DC /* BaseSceneView.swift */; };
		35072E44230B0C1400689F75 /* DesiredTasteSceneView.swift in Sources */ = {isa = PBXBuildFile; fileRef = 35045801230A0E3300F4B8DC /* DesiredTasteSceneView.swift */; };
		35072E47230B43A200689F75 /* DiscreteSlider.swift in Sources */ = {isa = PBXBuildFile; fileRef = 35072E3E230B002000689F75 /* DiscreteSlider.swift */; };
		35072E4A230B475A00689F75 /* ConfigurableTableCell.swift in Sources */ = {isa = PBXBuildFile; fileRef = 35072E49230B475A00689F75 /* ConfigurableTableCell.swift */; };
		35072E4B230B475A00689F75 /* ConfigurableTableCell.swift in Sources */ = {isa = PBXBuildFile; fileRef = 35072E49230B475A00689F75 /* ConfigurableTableCell.swift */; };
		35072E4D230B47D500689F75 /* BrewVariableBundleCell.swift in Sources */ = {isa = PBXBuildFile; fileRef = 35072E4C230B47D500689F75 /* BrewVariableBundleCell.swift */; };
		35072E50230B48D700689F75 /* BaseViewControllerTests.swift in Sources */ = {isa = PBXBuildFile; fileRef = 35072E4F230B48D700689F75 /* BaseViewControllerTests.swift */; };
		35072E53230B4B5E00689F75 /* BrewVariableBundleCellTests.swift in Sources */ = {isa = PBXBuildFile; fileRef = 35072E52230B4B5E00689F75 /* BrewVariableBundleCellTests.swift */; };
		35076C3B230468F5006BBDDF /* AppDelegate.swift in Sources */ = {isa = PBXBuildFile; fileRef = 35076C3A230468F5006BBDDF /* AppDelegate.swift */; };
		35076C42230468F6006BBDDF /* Assets.xcassets in Resources */ = {isa = PBXBuildFile; fileRef = 35076C41230468F6006BBDDF /* Assets.xcassets */; };
		35076C45230468F6006BBDDF /* LaunchScreen.storyboard in Resources */ = {isa = PBXBuildFile; fileRef = 35076C43230468F6006BBDDF /* LaunchScreen.storyboard */; };
		35124275230C5CA600C692DD /* BrewVariableSlider.swift in Sources */ = {isa = PBXBuildFile; fileRef = 35124274230C5CA600C692DD /* BrewVariableSlider.swift */; };
		35124276230C8EF400C692DD /* BrewVariableSlider.swift in Sources */ = {isa = PBXBuildFile; fileRef = 35124274230C5CA600C692DD /* BrewVariableSlider.swift */; };
		3512F333232BC8DC00368485 /* BrewingVM.swift in Sources */ = {isa = PBXBuildFile; fileRef = 3512F332232BC8DC00368485 /* BrewingVM.swift */; };
		3512F334232BC8DC00368485 /* BrewingVM.swift in Sources */ = {isa = PBXBuildFile; fileRef = 3512F332232BC8DC00368485 /* BrewingVM.swift */; };
		3512F336232BC90D00368485 /* PhaseTextSet.swift in Sources */ = {isa = PBXBuildFile; fileRef = 3512F335232BC90D00368485 /* PhaseTextSet.swift */; };
		3512F337232BC90D00368485 /* PhaseTextSet.swift in Sources */ = {isa = PBXBuildFile; fileRef = 3512F335232BC90D00368485 /* PhaseTextSet.swift */; };
		3512F339232BC93300368485 /* BrewPhaseTimer.swift in Sources */ = {isa = PBXBuildFile; fileRef = 3512F338232BC93300368485 /* BrewPhaseTimer.swift */; };
		3512F33A232BC93300368485 /* BrewPhaseTimer.swift in Sources */ = {isa = PBXBuildFile; fileRef = 3512F338232BC93300368485 /* BrewPhaseTimer.swift */; };
		3512F33C232BC9DA00368485 /* BrewingSceneView.swift in Sources */ = {isa = PBXBuildFile; fileRef = 3512F33B232BC9DA00368485 /* BrewingSceneView.swift */; };
		3512F33D232BC9DA00368485 /* BrewingSceneView.swift in Sources */ = {isa = PBXBuildFile; fileRef = 3512F33B232BC9DA00368485 /* BrewingSceneView.swift */; };
		3512F33F232C19B700368485 /* BrewingViewController.swift in Sources */ = {isa = PBXBuildFile; fileRef = 3512F33E232C19B700368485 /* BrewingViewController.swift */; };
		3512F340232C19B700368485 /* BrewingViewController.swift in Sources */ = {isa = PBXBuildFile; fileRef = 3512F33E232C19B700368485 /* BrewingViewController.swift */; };
		3512F342232C223300368485 /* Collection+safeSubscript.swift in Sources */ = {isa = PBXBuildFile; fileRef = 3512F341232C223300368485 /* Collection+safeSubscript.swift */; };
		3512F343232C223300368485 /* Collection+safeSubscript.swift in Sources */ = {isa = PBXBuildFile; fileRef = 3512F341232C223300368485 /* Collection+safeSubscript.swift */; };
		3512F345232C40C700368485 /* AllDoneVMTests.swift in Sources */ = {isa = PBXBuildFile; fileRef = 3512F344232C40C700368485 /* AllDoneVMTests.swift */; };
		3512F347232C429F00368485 /* AllDoneVM.swift in Sources */ = {isa = PBXBuildFile; fileRef = 3512F346232C429F00368485 /* AllDoneVM.swift */; };
		3512F348232C42B100368485 /* AllDoneVM.swift in Sources */ = {isa = PBXBuildFile; fileRef = 3512F346232C429F00368485 /* AllDoneVM.swift */; };
		3512F34A232C435600368485 /* AllDoneSceneView.swift in Sources */ = {isa = PBXBuildFile; fileRef = 3512F349232C435600368485 /* AllDoneSceneView.swift */; };
		3512F34C232C448300368485 /* AllDoneViewController.swift in Sources */ = {isa = PBXBuildFile; fileRef = 3512F34B232C448300368485 /* AllDoneViewController.swift */; };
		3512F34D232C45D400368485 /* AllDoneViewController.swift in Sources */ = {isa = PBXBuildFile; fileRef = 3512F34B232C448300368485 /* AllDoneViewController.swift */; };
		3512F34E232C45D800368485 /* AllDoneSceneView.swift in Sources */ = {isa = PBXBuildFile; fileRef = 3512F349232C435600368485 /* AllDoneSceneView.swift */; };
		35167BA22336CCE8003FCD92 /* BrewRecipeTests.swift in Sources */ = {isa = PBXBuildFile; fileRef = 35167BA12336CCE8003FCD92 /* BrewRecipeTests.swift */; };
		35167BA42336D30E003FCD92 /* Assets.xcassets in Resources */ = {isa = PBXBuildFile; fileRef = 35076C41230468F6006BBDDF /* Assets.xcassets */; };
		351A66B123194BDE00D1061B /* BrewPrepVM.swift in Sources */ = {isa = PBXBuildFile; fileRef = 351A66B023194BDE00D1061B /* BrewPrepVM.swift */; };
		351A66B223194BEC00D1061B /* BrewPrepVM.swift in Sources */ = {isa = PBXBuildFile; fileRef = 351A66B023194BDE00D1061B /* BrewPrepVM.swift */; };
		351A66B423194BFE00D1061B /* PrepParams.swift in Sources */ = {isa = PBXBuildFile; fileRef = 351A66B323194BFE00D1061B /* PrepParams.swift */; };
		351A66B523194C0C00D1061B /* PrepParams.swift in Sources */ = {isa = PBXBuildFile; fileRef = 351A66B323194BFE00D1061B /* PrepParams.swift */; };
		351A66B723194C2900D1061B /* PrepStep.swift in Sources */ = {isa = PBXBuildFile; fileRef = 351A66B623194C2900D1061B /* PrepStep.swift */; };
		351A66B823194C4000D1061B /* PrepStep.swift in Sources */ = {isa = PBXBuildFile; fileRef = 351A66B623194C2900D1061B /* PrepStep.swift */; };
		351A66BA23194C4C00D1061B /* PrepStepCellVM.swift in Sources */ = {isa = PBXBuildFile; fileRef = 351A66B923194C4C00D1061B /* PrepStepCellVM.swift */; };
		351A66BB23194C6C00D1061B /* PrepStepCellVM.swift in Sources */ = {isa = PBXBuildFile; fileRef = 351A66B923194C4C00D1061B /* PrepStepCellVM.swift */; };
		351A66BD23195F3800D1061B /* BrewPrepSceneView.swift in Sources */ = {isa = PBXBuildFile; fileRef = 351A66BC23195F3800D1061B /* BrewPrepSceneView.swift */; };
		351A66C22319CA3800D1061B /* LabeledSceneView.swift in Sources */ = {isa = PBXBuildFile; fileRef = 351A66BE2319600300D1061B /* LabeledSceneView.swift */; };
		351A66C32319CA3800D1061B /* LabeledSceneView.swift in Sources */ = {isa = PBXBuildFile; fileRef = 351A66BE2319600300D1061B /* LabeledSceneView.swift */; };
		351A66C52319CBE800D1061B /* BrewPrepViewController.swift in Sources */ = {isa = PBXBuildFile; fileRef = 351A66C42319CBE800D1061B /* BrewPrepViewController.swift */; };
		351A66C62319CF2200D1061B /* BrewPrepViewController.swift in Sources */ = {isa = PBXBuildFile; fileRef = 351A66C42319CBE800D1061B /* BrewPrepViewController.swift */; };
		351A66C72319CF2E00D1061B /* BrewPrepSceneView.swift in Sources */ = {isa = PBXBuildFile; fileRef = 351A66BC23195F3800D1061B /* BrewPrepSceneView.swift */; };
		3527AF09230DCC4C00ED0E26 /* AIProcessingVMTests.swift in Sources */ = {isa = PBXBuildFile; fileRef = 3527AF08230DCC4C00ED0E26 /* AIProcessingVMTests.swift */; };
		3527AF0B230DF4C200ED0E26 /* AIProcessingVM.swift in Sources */ = {isa = PBXBuildFile; fileRef = 3527AF0A230DF4C200ED0E26 /* AIProcessingVM.swift */; };
		3527AF0C230DF4D500ED0E26 /* AIProcessingVM.swift in Sources */ = {isa = PBXBuildFile; fileRef = 3527AF0A230DF4C200ED0E26 /* AIProcessingVM.swift */; };
		3527AF0E230DF51700ED0E26 /* AIProcessingViewController.swift in Sources */ = {isa = PBXBuildFile; fileRef = 3527AF0D230DF51700ED0E26 /* AIProcessingViewController.swift */; };
		3527AF10230DF54700ED0E26 /* AIProcessingSceneView.swift in Sources */ = {isa = PBXBuildFile; fileRef = 3527AF0F230DF54700ED0E26 /* AIProcessingSceneView.swift */; };
		3527AF11230DFDCF00ED0E26 /* AIProcessingViewController.swift in Sources */ = {isa = PBXBuildFile; fileRef = 3527AF0D230DF51700ED0E26 /* AIProcessingViewController.swift */; };
		3527AF12230DFDD300ED0E26 /* AIProcessingSceneView.swift in Sources */ = {isa = PBXBuildFile; fileRef = 3527AF0F230DF54700ED0E26 /* AIProcessingSceneView.swift */; };
		3527AF14230DFFCA00ED0E26 /* UIView+fadeTransition.swift in Sources */ = {isa = PBXBuildFile; fileRef = 3527AF13230DFFCA00ED0E26 /* UIView+fadeTransition.swift */; };
		3527AF15230E018900ED0E26 /* UIView+fadeTransition.swift in Sources */ = {isa = PBXBuildFile; fileRef = 3527AF13230DFFCA00ED0E26 /* UIView+fadeTransition.swift */; };
		3527AF17230E0F4C00ED0E26 /* ViewRecipeVMTests.swift in Sources */ = {isa = PBXBuildFile; fileRef = 3527AF16230E0F4C00ED0E26 /* ViewRecipeVMTests.swift */; };
		352A1FA0230EC51A00D7FE02 /* ConstantCellVMTests.swift in Sources */ = {isa = PBXBuildFile; fileRef = 352A1F9F230EC51A00D7FE02 /* ConstantCellVMTests.swift */; };
		352A1FA3230EC59100D7FE02 /* SemiConstantCellVMTests.swift in Sources */ = {isa = PBXBuildFile; fileRef = 352A1FA2230EC59100D7FE02 /* SemiConstantCellVMTests.swift */; };
		352A1FA5230EF97300D7FE02 /* SemiConstantCellVM.swift in Sources */ = {isa = PBXBuildFile; fileRef = 352A1FA4230EF97300D7FE02 /* SemiConstantCellVM.swift */; };
		352A1FA6230EF97600D7FE02 /* SemiConstantCellVM.swift in Sources */ = {isa = PBXBuildFile; fileRef = 352A1FA4230EF97300D7FE02 /* SemiConstantCellVM.swift */; };
		352A1FA8230EF99100D7FE02 /* ConstantCellVM.swift in Sources */ = {isa = PBXBuildFile; fileRef = 352A1FA7230EF99100D7FE02 /* ConstantCellVM.swift */; };
		352A1FA9230EF99F00D7FE02 /* ConstantCellVM.swift in Sources */ = {isa = PBXBuildFile; fileRef = 352A1FA7230EF99100D7FE02 /* ConstantCellVM.swift */; };
		352A1FAB230F53D200D7FE02 /* ViewRecipeVM.swift in Sources */ = {isa = PBXBuildFile; fileRef = 352A1FAA230F53D200D7FE02 /* ViewRecipeVM.swift */; };
		352A1FAC230F53F300D7FE02 /* ViewRecipeVM.swift in Sources */ = {isa = PBXBuildFile; fileRef = 352A1FAA230F53D200D7FE02 /* ViewRecipeVM.swift */; };
		352A1FAE230F544F00D7FE02 /* ViewRecipeViewController.swift in Sources */ = {isa = PBXBuildFile; fileRef = 352A1FAD230F544F00D7FE02 /* ViewRecipeViewController.swift */; };
		352A1FB0230F546000D7FE02 /* ViewRecipeSceneView.swift in Sources */ = {isa = PBXBuildFile; fileRef = 352A1FAF230F546000D7FE02 /* ViewRecipeSceneView.swift */; };
		352A1FB1230F54D800D7FE02 /* ViewRecipeSceneView.swift in Sources */ = {isa = PBXBuildFile; fileRef = 352A1FAF230F546000D7FE02 /* ViewRecipeSceneView.swift */; };
		352A1FB2230F54DB00D7FE02 /* ViewRecipeViewController.swift in Sources */ = {isa = PBXBuildFile; fileRef = 352A1FAD230F544F00D7FE02 /* ViewRecipeViewController.swift */; };
		352A1FB4230F59BC00D7FE02 /* RecipeConstantCell.swift in Sources */ = {isa = PBXBuildFile; fileRef = 352A1FB3230F59BC00D7FE02 /* RecipeConstantCell.swift */; };
		352A1FB6230F5AB300D7FE02 /* BaseTableViewCell.swift in Sources */ = {isa = PBXBuildFile; fileRef = 352A1FB5230F5AB300D7FE02 /* BaseTableViewCell.swift */; };
		352A1FB9230F5C4300D7FE02 /* BaseCellView.swift in Sources */ = {isa = PBXBuildFile; fileRef = 352A1FB8230F5C4300D7FE02 /* BaseCellView.swift */; };
		352A1FBC230F5D3700D7FE02 /* BrewVariableBundleCellView.swift in Sources */ = {isa = PBXBuildFile; fileRef = 352A1FBB230F5D3700D7FE02 /* BrewVariableBundleCellView.swift */; };
		352A1FBE230F68C900D7FE02 /* RecipeSemiConstantCell.swift in Sources */ = {isa = PBXBuildFile; fileRef = 352A1FBD230F68C900D7FE02 /* RecipeSemiConstantCell.swift */; };
		352A1FBF230F6CCA00D7FE02 /* BrewVariableBundleCellView.swift in Sources */ = {isa = PBXBuildFile; fileRef = 352A1FBB230F5D3700D7FE02 /* BrewVariableBundleCellView.swift */; };
		352A1FC0230F6CCD00D7FE02 /* BaseCellView.swift in Sources */ = {isa = PBXBuildFile; fileRef = 352A1FB8230F5C4300D7FE02 /* BaseCellView.swift */; };
		352A1FC1230F6CD000D7FE02 /* BaseTableViewCell.swift in Sources */ = {isa = PBXBuildFile; fileRef = 352A1FB5230F5AB300D7FE02 /* BaseTableViewCell.swift */; };
		352A1FC2230F6CD300D7FE02 /* BrewVariableBundleCell.swift in Sources */ = {isa = PBXBuildFile; fileRef = 35072E4C230B47D500689F75 /* BrewVariableBundleCell.swift */; };
		352A1FC3230F6CD600D7FE02 /* RecipeConstantCell.swift in Sources */ = {isa = PBXBuildFile; fileRef = 352A1FB3230F59BC00D7FE02 /* RecipeConstantCell.swift */; };
		352A1FC4230F6CD900D7FE02 /* RecipeSemiConstantCell.swift in Sources */ = {isa = PBXBuildFile; fileRef = 352A1FBD230F68C900D7FE02 /* RecipeSemiConstantCell.swift */; };
		352B6DB323285139004C43B8 /* BrewingPlan.swift in Sources */ = {isa = PBXBuildFile; fileRef = 352B6DB223285139004C43B8 /* BrewingPlan.swift */; };
		3532AA9823105C4700C1F373 /* RecipeConstantCellView.swift in Sources */ = {isa = PBXBuildFile; fileRef = 3532AA9723105C4700C1F373 /* RecipeConstantCellView.swift */; };
		3532AA9A23105E0500C1F373 /* TinyEdgeInset+convienceInit.swift in Sources */ = {isa = PBXBuildFile; fileRef = 3532AA9923105E0500C1F373 /* TinyEdgeInset+convienceInit.swift */; };
		3532AA9B2310658300C1F373 /* RecipeConstantCellView.swift in Sources */ = {isa = PBXBuildFile; fileRef = 3532AA9723105C4700C1F373 /* RecipeConstantCellView.swift */; };
		3532AA9C2310658B00C1F373 /* TinyEdgeInset+convienceInit.swift in Sources */ = {isa = PBXBuildFile; fileRef = 3532AA9923105E0500C1F373 /* TinyEdgeInset+convienceInit.swift */; };
		3532AA9E23106AA800C1F373 /* RecipeSemiConstantCellView.swift in Sources */ = {isa = PBXBuildFile; fileRef = 3532AA9D23106AA700C1F373 /* RecipeSemiConstantCellView.swift */; };
		3532AA9F2310726000C1F373 /* RecipeSemiConstantCellView.swift in Sources */ = {isa = PBXBuildFile; fileRef = 3532AA9D23106AA700C1F373 /* RecipeSemiConstantCellView.swift */; };
		353DAA042321290300853A6A /* PrepStepCellView.swift in Sources */ = {isa = PBXBuildFile; fileRef = 3569D334231F300F00427450 /* PrepStepCellView.swift */; };
		3543D5BD23294A0500E5E45D /* BrewPhaseTimerTests.swift in Sources */ = {isa = PBXBuildFile; fileRef = 3543D5BC23294A0500E5E45D /* BrewPhaseTimerTests.swift */; };
		3546370323316A1C006C8DA6 /* RecipeConstant.swift in Sources */ = {isa = PBXBuildFile; fileRef = 3546370223316A1C006C8DA6 /* RecipeConstant.swift */; };
		3546370423316A31006C8DA6 /* RecipeConstant.swift in Sources */ = {isa = PBXBuildFile; fileRef = 3546370223316A1C006C8DA6 /* RecipeConstant.swift */; };
		3546370823316AD0006C8DA6 /* AeroPressFilterPlan.swift in Sources */ = {isa = PBXBuildFile; fileRef = 3546370723316AD0006C8DA6 /* AeroPressFilterPlan.swift */; };
		3546370923316AE6006C8DA6 /* AeroPressFilterPlan.swift in Sources */ = {isa = PBXBuildFile; fileRef = 3546370723316AD0006C8DA6 /* AeroPressFilterPlan.swift */; };
		3549D8C823339C8100267796 /* RecipeValue.swift in Sources */ = {isa = PBXBuildFile; fileRef = 3549D8C723339C8100267796 /* RecipeValue.swift */; };
		3549D8CA2333D27A00267796 /* Dictionary+merge.swift in Sources */ = {isa = PBXBuildFile; fileRef = 3549D8C92333D27A00267796 /* Dictionary+merge.swift */; };
		3549D8CB2333D39100267796 /* RecipeValue.swift in Sources */ = {isa = PBXBuildFile; fileRef = 3549D8C723339C8100267796 /* RecipeValue.swift */; };
		3549D8CC2333D39400267796 /* Dictionary+merge.swift in Sources */ = {isa = PBXBuildFile; fileRef = 3549D8C92333D27A00267796 /* Dictionary+merge.swift */; };
		3552D3CE235E5E1200C0FF6F /* UserActivityType.swift in Sources */ = {isa = PBXBuildFile; fileRef = 3552D3CD235E5E1200C0FF6F /* UserActivityType.swift */; };
		3560123E23071AEA003AF91D /* MainFlowControllerTests.swift in Sources */ = {isa = PBXBuildFile; fileRef = 3560123C23071AEA003AF91D /* MainFlowControllerTests.swift */; };
		3569D32E231F135B00427450 /* Double+toString.swift in Sources */ = {isa = PBXBuildFile; fileRef = 3506807B231A9B8000604CE5 /* Double+toString.swift */; };
		3569D330231F1B2600427450 /* PrepParamsTests.swift in Sources */ = {isa = PBXBuildFile; fileRef = 3569D32F231F1B2600427450 /* PrepParamsTests.swift */; };
		3569D332231F2F2000427450 /* PrepStepCell.swift in Sources */ = {isa = PBXBuildFile; fileRef = 3569D331231F2F2000427450 /* PrepStepCell.swift */; };
		3569D333231F2FC800427450 /* PrepStepCell.swift in Sources */ = {isa = PBXBuildFile; fileRef = 3569D331231F2F2000427450 /* PrepStepCell.swift */; };
		3569D335231F300F00427450 /* PrepStepCellView.swift in Sources */ = {isa = PBXBuildFile; fileRef = 3569D334231F300F00427450 /* PrepStepCellView.swift */; };
		35833E4D230752E4002F986B /* MainFlowController.swift in Sources */ = {isa = PBXBuildFile; fileRef = 35833E4C230752E4002F986B /* MainFlowController.swift */; };
		35833E502307530E002F986B /* Scene.swift in Sources */ = {isa = PBXBuildFile; fileRef = 35833E4F2307530E002F986B /* Scene.swift */; };
		35833E522307534F002F986B /* FlowControl.swift in Sources */ = {isa = PBXBuildFile; fileRef = 35833E512307534F002F986B /* FlowControl.swift */; };
		35833E542307537C002F986B /* BrewParameters.swift in Sources */ = {isa = PBXBuildFile; fileRef = 35833E532307537C002F986B /* BrewParameters.swift */; };
		35833E5623075398002F986B /* BrewRecipe.swift in Sources */ = {isa = PBXBuildFile; fileRef = 35833E5523075398002F986B /* BrewRecipe.swift */; };
		35833E58230753E5002F986B /* Scene.swift in Sources */ = {isa = PBXBuildFile; fileRef = 35833E4F2307530E002F986B /* Scene.swift */; };
		35833E59230753E7002F986B /* BrewParameters.swift in Sources */ = {isa = PBXBuildFile; fileRef = 35833E532307537C002F986B /* BrewParameters.swift */; };
		35833E5A230753E9002F986B /* BrewRecipe.swift in Sources */ = {isa = PBXBuildFile; fileRef = 35833E5523075398002F986B /* BrewRecipe.swift */; };
		35833E5B230753EC002F986B /* MainFlowController.swift in Sources */ = {isa = PBXBuildFile; fileRef = 35833E4C230752E4002F986B /* MainFlowController.swift */; };
		35833E5C230753EE002F986B /* FlowControl.swift in Sources */ = {isa = PBXBuildFile; fileRef = 35833E512307534F002F986B /* FlowControl.swift */; };
		35E0E5E423076B14004A86FD /* DesiredTasteVMTests.swift in Sources */ = {isa = PBXBuildFile; fileRef = 35E0E5E323076B14004A86FD /* DesiredTasteVMTests.swift */; };
		35EC73F72308273500964665 /* BrewParametersTests.swift in Sources */ = {isa = PBXBuildFile; fileRef = 35EC73F62308273500964665 /* BrewParametersTests.swift */; };
		35EC73F923082D7100964665 /* XCTestCase+setUp.swift in Sources */ = {isa = PBXBuildFile; fileRef = 35EC73F823082D7100964665 /* XCTestCase+setUp.swift */; };
		35EC73FB23084E7D00964665 /* BrewVariableBundleCellVMTests.swift in Sources */ = {isa = PBXBuildFile; fileRef = 35EC73FA23084E7D00964665 /* BrewVariableBundleCellVMTests.swift */; };
		35EC73FD2308541400964665 /* BrewVariableTests.swift in Sources */ = {isa = PBXBuildFile; fileRef = 35EC73FC2308541400964665 /* BrewVariableTests.swift */; };
		35EC73FF2308B73200964665 /* BrewVariable.swift in Sources */ = {isa = PBXBuildFile; fileRef = 35EC73FE2308B73200964665 /* BrewVariable.swift */; };
		35EC74002308B75300964665 /* BrewVariable.swift in Sources */ = {isa = PBXBuildFile; fileRef = 35EC73FE2308B73200964665 /* BrewVariable.swift */; };
		35EC74032308BEBC00964665 /* BaseViewModel.swift in Sources */ = {isa = PBXBuildFile; fileRef = 35EC74022308BEBC00964665 /* BaseViewModel.swift */; };
		35EC74042308BEBF00964665 /* BaseViewModel.swift in Sources */ = {isa = PBXBuildFile; fileRef = 35EC74022308BEBC00964665 /* BaseViewModel.swift */; };
		35EC74062308BEE300964665 /* DesiredTasteVM.swift in Sources */ = {isa = PBXBuildFile; fileRef = 35EC74052308BEE300964665 /* DesiredTasteVM.swift */; };
		35EC74072308BEFF00964665 /* DesiredTasteVM.swift in Sources */ = {isa = PBXBuildFile; fileRef = 35EC74052308BEE300964665 /* DesiredTasteVM.swift */; };
		35EC74092308BF1400964665 /* BrewVariableBundleCellVM.swift in Sources */ = {isa = PBXBuildFile; fileRef = 35EC74082308BF1400964665 /* BrewVariableBundleCellVM.swift */; };
		35EC740A2308BF5F00964665 /* BrewVariableBundleCellVM.swift in Sources */ = {isa = PBXBuildFile; fileRef = 35EC74082308BF1400964665 /* BrewVariableBundleCellVM.swift */; };
		35FF73F72328EE08008646DA /* BrewingVMTests.swift in Sources */ = {isa = PBXBuildFile; fileRef = 35FF73F62328EE08008646DA /* BrewingVMTests.swift */; };
		35FF73F82328EFD8008646DA /* BrewingPlan.swift in Sources */ = {isa = PBXBuildFile; fileRef = 352B6DB223285139004C43B8 /* BrewingPlan.swift */; };
		470F73BE2378499500AAD8D1 /* AppOptionsTests.swift in Sources */ = {isa = PBXBuildFile; fileRef = 470F73BD2378499500AAD8D1 /* AppOptionsTests.swift */; };
		470F73C42378D22700AAD8D1 /* UIColor+darkMode.swift in Sources */ = {isa = PBXBuildFile; fileRef = 470F73C32378D22700AAD8D1 /* UIColor+darkMode.swift */; };
		470F73C62378D8BB00AAD8D1 /* UIView+backgroundColor.swift in Sources */ = {isa = PBXBuildFile; fileRef = 470F73C52378D8BB00AAD8D1 /* UIView+backgroundColor.swift */; };
		470F73C82378DFD400AAD8D1 /* UIColor+darkMode.swift in Sources */ = {isa = PBXBuildFile; fileRef = 470F73C32378D22700AAD8D1 /* UIColor+darkMode.swift */; };
		470F73C92378DFDA00AAD8D1 /* UIView+backgroundColor.swift in Sources */ = {isa = PBXBuildFile; fileRef = 470F73C52378D8BB00AAD8D1 /* UIView+backgroundColor.swift */; };
		470F73CB2378E17400AAD8D1 /* Style.swift in Sources */ = {isa = PBXBuildFile; fileRef = 470F73CA2378E17400AAD8D1 /* Style.swift */; };
		470F73CC2378F81C00AAD8D1 /* Style.swift in Sources */ = {isa = PBXBuildFile; fileRef = 470F73CA2378E17400AAD8D1 /* Style.swift */; };
		473D023E262782F200319FF0 /* PhaseLabelView.swift in Sources */ = {isa = PBXBuildFile; fileRef = 473D023D262782F200319FF0 /* PhaseLabelView.swift */; };
		4799751A235E6A7100962405 /* PrismoEspressoPlan.swift in Sources */ = {isa = PBXBuildFile; fileRef = 47997519235E6A7100962405 /* PrismoEspressoPlan.swift */; };
		4799751C235E727200962405 /* PrismoEspressoPlan.swift in Sources */ = {isa = PBXBuildFile; fileRef = 47997519235E6A7100962405 /* PrismoEspressoPlan.swift */; };
		73CEEAB2EF96AA6276E48A9F /* Pods_AIropressTests.framework in Frameworks */ = {isa = PBXBuildFile; fileRef = 4DA8033607392551CCA2F0A5 /* Pods_AIropressTests.framework */; };
		85AF326F656DC5FB03F26AAF /* Pods_AIropress.framework in Frameworks */ = {isa = PBXBuildFile; fileRef = C5DE7E97D5832D15F91D83EE /* Pods_AIropress.framework */; };
/* End PBXBuildFile section */

/* Begin PBXContainerItemProxy section */
		35076C4C230468F6006BBDDF /* PBXContainerItemProxy */ = {
			isa = PBXContainerItemProxy;
			containerPortal = 35076C2F230468F5006BBDDF /* Project object */;
			proxyType = 1;
			remoteGlobalIDString = 35076C36230468F5006BBDDF;
			remoteInfo = AIropress;
		};
/* End PBXContainerItemProxy section */

/* Begin PBXFileReference section */
		350118E32315F01200A4EE79 /* PrepStepCellVMTests.swift */ = {isa = PBXFileReference; lastKnownFileType = sourcecode.swift; path = PrepStepCellVMTests.swift; sourceTree = "<group>"; };
		350118E52315F10D00A4EE79 /* BrewPrepVMTests.swift */ = {isa = PBXFileReference; lastKnownFileType = sourcecode.swift; path = BrewPrepVMTests.swift; sourceTree = "<group>"; };
		350457ED23096CE300F4B8DC /* DesiredTasteViewController.swift */ = {isa = PBXFileReference; lastKnownFileType = sourcecode.swift; path = DesiredTasteViewController.swift; sourceTree = "<group>"; };
		350457F22309A3C900F4B8DC /* MainViewControllerProvider.swift */ = {isa = PBXFileReference; lastKnownFileType = sourcecode.swift; path = MainViewControllerProvider.swift; sourceTree = "<group>"; };
		350457F42309A47300F4B8DC /* Options.swift */ = {isa = PBXFileReference; lastKnownFileType = sourcecode.swift; path = Options.swift; sourceTree = "<group>"; };
		350457FA2309AEB500F4B8DC /* UINavigationController+BaseNavigationController.swift */ = {isa = PBXFileReference; lastKnownFileType = sourcecode.swift; path = "UINavigationController+BaseNavigationController.swift"; sourceTree = "<group>"; };
		350457FC230A07DA00F4B8DC /* BaseViewController.swift */ = {isa = PBXFileReference; lastKnownFileType = sourcecode.swift; path = BaseViewController.swift; sourceTree = "<group>"; };
		350457FF230A0C8F00F4B8DC /* BaseSceneView.swift */ = {isa = PBXFileReference; lastKnownFileType = sourcecode.swift; path = BaseSceneView.swift; sourceTree = "<group>"; };
		35045801230A0E3300F4B8DC /* DesiredTasteSceneView.swift */ = {isa = PBXFileReference; lastKnownFileType = sourcecode.swift; path = DesiredTasteSceneView.swift; sourceTree = "<group>"; };
		35047F98232D7420004413C2 /* BaseTableVMTests.swift */ = {isa = PBXFileReference; lastKnownFileType = sourcecode.swift; path = BaseTableVMTests.swift; sourceTree = "<group>"; };
		3506807B231A9B8000604CE5 /* Double+toString.swift */ = {isa = PBXFileReference; lastKnownFileType = sourcecode.swift; path = "Double+toString.swift"; sourceTree = "<group>"; };
		35072E3C230AFBFB00689F75 /* DiscreteSliderTests.swift */ = {isa = PBXFileReference; lastKnownFileType = sourcecode.swift; path = DiscreteSliderTests.swift; sourceTree = "<group>"; };
		35072E3E230B002000689F75 /* DiscreteSlider.swift */ = {isa = PBXFileReference; lastKnownFileType = sourcecode.swift; path = DiscreteSlider.swift; sourceTree = "<group>"; };
		35072E49230B475A00689F75 /* ConfigurableTableCell.swift */ = {isa = PBXFileReference; lastKnownFileType = sourcecode.swift; path = ConfigurableTableCell.swift; sourceTree = "<group>"; };
		35072E4C230B47D500689F75 /* BrewVariableBundleCell.swift */ = {isa = PBXFileReference; lastKnownFileType = sourcecode.swift; path = BrewVariableBundleCell.swift; sourceTree = "<group>"; };
		35072E4F230B48D700689F75 /* BaseViewControllerTests.swift */ = {isa = PBXFileReference; lastKnownFileType = sourcecode.swift; path = BaseViewControllerTests.swift; sourceTree = "<group>"; };
		35072E52230B4B5E00689F75 /* BrewVariableBundleCellTests.swift */ = {isa = PBXFileReference; lastKnownFileType = sourcecode.swift; path = BrewVariableBundleCellTests.swift; sourceTree = "<group>"; };
		35076C37230468F5006BBDDF /* AIropress.app */ = {isa = PBXFileReference; explicitFileType = wrapper.application; includeInIndex = 0; path = AIropress.app; sourceTree = BUILT_PRODUCTS_DIR; };
		35076C3A230468F5006BBDDF /* AppDelegate.swift */ = {isa = PBXFileReference; lastKnownFileType = sourcecode.swift; path = AppDelegate.swift; sourceTree = "<group>"; };
		35076C41230468F6006BBDDF /* Assets.xcassets */ = {isa = PBXFileReference; lastKnownFileType = folder.assetcatalog; path = Assets.xcassets; sourceTree = "<group>"; };
		35076C44230468F6006BBDDF /* Base */ = {isa = PBXFileReference; lastKnownFileType = file.storyboard; name = Base; path = Base.lproj/LaunchScreen.storyboard; sourceTree = "<group>"; };
		35076C46230468F6006BBDDF /* Info.plist */ = {isa = PBXFileReference; lastKnownFileType = text.plist.xml; path = Info.plist; sourceTree = "<group>"; };
		35076C4B230468F6006BBDDF /* AIropressTests.xctest */ = {isa = PBXFileReference; explicitFileType = wrapper.cfbundle; includeInIndex = 0; path = AIropressTests.xctest; sourceTree = BUILT_PRODUCTS_DIR; };
		35076C51230468F6006BBDDF /* Info.plist */ = {isa = PBXFileReference; lastKnownFileType = text.plist.xml; path = Info.plist; sourceTree = "<group>"; };
		35124274230C5CA600C692DD /* BrewVariableSlider.swift */ = {isa = PBXFileReference; lastKnownFileType = sourcecode.swift; path = BrewVariableSlider.swift; sourceTree = "<group>"; };
		3512F332232BC8DC00368485 /* BrewingVM.swift */ = {isa = PBXFileReference; lastKnownFileType = sourcecode.swift; path = BrewingVM.swift; sourceTree = "<group>"; };
		3512F335232BC90D00368485 /* PhaseTextSet.swift */ = {isa = PBXFileReference; lastKnownFileType = sourcecode.swift; path = PhaseTextSet.swift; sourceTree = "<group>"; };
		3512F338232BC93300368485 /* BrewPhaseTimer.swift */ = {isa = PBXFileReference; lastKnownFileType = sourcecode.swift; path = BrewPhaseTimer.swift; sourceTree = "<group>"; };
		3512F33B232BC9DA00368485 /* BrewingSceneView.swift */ = {isa = PBXFileReference; lastKnownFileType = sourcecode.swift; path = BrewingSceneView.swift; sourceTree = "<group>"; };
		3512F33E232C19B700368485 /* BrewingViewController.swift */ = {isa = PBXFileReference; lastKnownFileType = sourcecode.swift; path = BrewingViewController.swift; sourceTree = "<group>"; };
		3512F341232C223300368485 /* Collection+safeSubscript.swift */ = {isa = PBXFileReference; lastKnownFileType = sourcecode.swift; path = "Collection+safeSubscript.swift"; sourceTree = "<group>"; };
		3512F344232C40C700368485 /* AllDoneVMTests.swift */ = {isa = PBXFileReference; lastKnownFileType = sourcecode.swift; path = AllDoneVMTests.swift; sourceTree = "<group>"; };
		3512F346232C429F00368485 /* AllDoneVM.swift */ = {isa = PBXFileReference; lastKnownFileType = sourcecode.swift; path = AllDoneVM.swift; sourceTree = "<group>"; };
		3512F349232C435600368485 /* AllDoneSceneView.swift */ = {isa = PBXFileReference; lastKnownFileType = sourcecode.swift; path = AllDoneSceneView.swift; sourceTree = "<group>"; };
		3512F34B232C448300368485 /* AllDoneViewController.swift */ = {isa = PBXFileReference; lastKnownFileType = sourcecode.swift; path = AllDoneViewController.swift; sourceTree = "<group>"; };
		35167BA12336CCE8003FCD92 /* BrewRecipeTests.swift */ = {isa = PBXFileReference; lastKnownFileType = sourcecode.swift; path = BrewRecipeTests.swift; sourceTree = "<group>"; };
		351A66B023194BDE00D1061B /* BrewPrepVM.swift */ = {isa = PBXFileReference; lastKnownFileType = sourcecode.swift; path = BrewPrepVM.swift; sourceTree = "<group>"; };
		351A66B323194BFE00D1061B /* PrepParams.swift */ = {isa = PBXFileReference; lastKnownFileType = sourcecode.swift; path = PrepParams.swift; sourceTree = "<group>"; };
		351A66B623194C2900D1061B /* PrepStep.swift */ = {isa = PBXFileReference; lastKnownFileType = sourcecode.swift; path = PrepStep.swift; sourceTree = "<group>"; };
		351A66B923194C4C00D1061B /* PrepStepCellVM.swift */ = {isa = PBXFileReference; lastKnownFileType = sourcecode.swift; path = PrepStepCellVM.swift; sourceTree = "<group>"; };
		351A66BC23195F3800D1061B /* BrewPrepSceneView.swift */ = {isa = PBXFileReference; lastKnownFileType = sourcecode.swift; path = BrewPrepSceneView.swift; sourceTree = "<group>"; };
		351A66BE2319600300D1061B /* LabeledSceneView.swift */ = {isa = PBXFileReference; lastKnownFileType = sourcecode.swift; path = LabeledSceneView.swift; sourceTree = "<group>"; };
		351A66C42319CBE800D1061B /* BrewPrepViewController.swift */ = {isa = PBXFileReference; lastKnownFileType = sourcecode.swift; path = BrewPrepViewController.swift; sourceTree = "<group>"; };
		3527AF08230DCC4C00ED0E26 /* AIProcessingVMTests.swift */ = {isa = PBXFileReference; lastKnownFileType = sourcecode.swift; path = AIProcessingVMTests.swift; sourceTree = "<group>"; };
		3527AF0A230DF4C200ED0E26 /* AIProcessingVM.swift */ = {isa = PBXFileReference; lastKnownFileType = sourcecode.swift; path = AIProcessingVM.swift; sourceTree = "<group>"; };
		3527AF0D230DF51700ED0E26 /* AIProcessingViewController.swift */ = {isa = PBXFileReference; lastKnownFileType = sourcecode.swift; path = AIProcessingViewController.swift; sourceTree = "<group>"; };
		3527AF0F230DF54700ED0E26 /* AIProcessingSceneView.swift */ = {isa = PBXFileReference; lastKnownFileType = sourcecode.swift; path = AIProcessingSceneView.swift; sourceTree = "<group>"; };
		3527AF13230DFFCA00ED0E26 /* UIView+fadeTransition.swift */ = {isa = PBXFileReference; lastKnownFileType = sourcecode.swift; path = "UIView+fadeTransition.swift"; sourceTree = "<group>"; };
		3527AF16230E0F4C00ED0E26 /* ViewRecipeVMTests.swift */ = {isa = PBXFileReference; lastKnownFileType = sourcecode.swift; path = ViewRecipeVMTests.swift; sourceTree = "<group>"; };
		352A1F9F230EC51A00D7FE02 /* ConstantCellVMTests.swift */ = {isa = PBXFileReference; lastKnownFileType = sourcecode.swift; path = ConstantCellVMTests.swift; sourceTree = "<group>"; };
		352A1FA2230EC59100D7FE02 /* SemiConstantCellVMTests.swift */ = {isa = PBXFileReference; lastKnownFileType = sourcecode.swift; path = SemiConstantCellVMTests.swift; sourceTree = "<group>"; };
		352A1FA4230EF97300D7FE02 /* SemiConstantCellVM.swift */ = {isa = PBXFileReference; lastKnownFileType = sourcecode.swift; path = SemiConstantCellVM.swift; sourceTree = "<group>"; };
		352A1FA7230EF99100D7FE02 /* ConstantCellVM.swift */ = {isa = PBXFileReference; lastKnownFileType = sourcecode.swift; path = ConstantCellVM.swift; sourceTree = "<group>"; };
		352A1FAA230F53D200D7FE02 /* ViewRecipeVM.swift */ = {isa = PBXFileReference; lastKnownFileType = sourcecode.swift; path = ViewRecipeVM.swift; sourceTree = "<group>"; };
		352A1FAD230F544F00D7FE02 /* ViewRecipeViewController.swift */ = {isa = PBXFileReference; lastKnownFileType = sourcecode.swift; path = ViewRecipeViewController.swift; sourceTree = "<group>"; };
		352A1FAF230F546000D7FE02 /* ViewRecipeSceneView.swift */ = {isa = PBXFileReference; lastKnownFileType = sourcecode.swift; path = ViewRecipeSceneView.swift; sourceTree = "<group>"; };
		352A1FB3230F59BC00D7FE02 /* RecipeConstantCell.swift */ = {isa = PBXFileReference; lastKnownFileType = sourcecode.swift; path = RecipeConstantCell.swift; sourceTree = "<group>"; };
		352A1FB5230F5AB300D7FE02 /* BaseTableViewCell.swift */ = {isa = PBXFileReference; lastKnownFileType = sourcecode.swift; path = BaseTableViewCell.swift; sourceTree = "<group>"; };
		352A1FB8230F5C4300D7FE02 /* BaseCellView.swift */ = {isa = PBXFileReference; lastKnownFileType = sourcecode.swift; path = BaseCellView.swift; sourceTree = "<group>"; };
		352A1FBB230F5D3700D7FE02 /* BrewVariableBundleCellView.swift */ = {isa = PBXFileReference; lastKnownFileType = sourcecode.swift; path = BrewVariableBundleCellView.swift; sourceTree = "<group>"; };
		352A1FBD230F68C900D7FE02 /* RecipeSemiConstantCell.swift */ = {isa = PBXFileReference; lastKnownFileType = sourcecode.swift; path = RecipeSemiConstantCell.swift; sourceTree = "<group>"; };
		352B6DB223285139004C43B8 /* BrewingPlan.swift */ = {isa = PBXFileReference; lastKnownFileType = sourcecode.swift; path = BrewingPlan.swift; sourceTree = "<group>"; };
		3532AA9723105C4700C1F373 /* RecipeConstantCellView.swift */ = {isa = PBXFileReference; lastKnownFileType = sourcecode.swift; path = RecipeConstantCellView.swift; sourceTree = "<group>"; };
		3532AA9923105E0500C1F373 /* TinyEdgeInset+convienceInit.swift */ = {isa = PBXFileReference; lastKnownFileType = sourcecode.swift; path = "TinyEdgeInset+convienceInit.swift"; sourceTree = "<group>"; };
		3532AA9D23106AA700C1F373 /* RecipeSemiConstantCellView.swift */ = {isa = PBXFileReference; lastKnownFileType = sourcecode.swift; path = RecipeSemiConstantCellView.swift; sourceTree = "<group>"; };
		3543D5BC23294A0500E5E45D /* BrewPhaseTimerTests.swift */ = {isa = PBXFileReference; lastKnownFileType = sourcecode.swift; path = BrewPhaseTimerTests.swift; sourceTree = "<group>"; };
		3546370223316A1C006C8DA6 /* RecipeConstant.swift */ = {isa = PBXFileReference; lastKnownFileType = sourcecode.swift; path = RecipeConstant.swift; sourceTree = "<group>"; };
		3546370723316AD0006C8DA6 /* AeroPressFilterPlan.swift */ = {isa = PBXFileReference; lastKnownFileType = sourcecode.swift; path = AeroPressFilterPlan.swift; sourceTree = "<group>"; };
		3549D8C723339C8100267796 /* RecipeValue.swift */ = {isa = PBXFileReference; lastKnownFileType = sourcecode.swift; path = RecipeValue.swift; sourceTree = "<group>"; };
		3549D8C92333D27A00267796 /* Dictionary+merge.swift */ = {isa = PBXFileReference; lastKnownFileType = sourcecode.swift; path = "Dictionary+merge.swift"; sourceTree = "<group>"; };
		3552D3CD235E5E1200C0FF6F /* UserActivityType.swift */ = {isa = PBXFileReference; lastKnownFileType = sourcecode.swift; path = UserActivityType.swift; sourceTree = "<group>"; };
		3560123C23071AEA003AF91D /* MainFlowControllerTests.swift */ = {isa = PBXFileReference; lastKnownFileType = sourcecode.swift; path = MainFlowControllerTests.swift; sourceTree = "<group>"; };
		3569D32F231F1B2600427450 /* PrepParamsTests.swift */ = {isa = PBXFileReference; lastKnownFileType = sourcecode.swift; path = PrepParamsTests.swift; sourceTree = "<group>"; };
		3569D331231F2F2000427450 /* PrepStepCell.swift */ = {isa = PBXFileReference; lastKnownFileType = sourcecode.swift; path = PrepStepCell.swift; sourceTree = "<group>"; };
		3569D334231F300F00427450 /* PrepStepCellView.swift */ = {isa = PBXFileReference; lastKnownFileType = sourcecode.swift; path = PrepStepCellView.swift; sourceTree = "<group>"; };
		35833E4C230752E4002F986B /* MainFlowController.swift */ = {isa = PBXFileReference; lastKnownFileType = sourcecode.swift; path = MainFlowController.swift; sourceTree = "<group>"; };
		35833E4F2307530E002F986B /* Scene.swift */ = {isa = PBXFileReference; lastKnownFileType = sourcecode.swift; path = Scene.swift; sourceTree = "<group>"; };
		35833E512307534F002F986B /* FlowControl.swift */ = {isa = PBXFileReference; lastKnownFileType = sourcecode.swift; path = FlowControl.swift; sourceTree = "<group>"; };
		35833E532307537C002F986B /* BrewParameters.swift */ = {isa = PBXFileReference; lastKnownFileType = sourcecode.swift; path = BrewParameters.swift; sourceTree = "<group>"; };
		35833E5523075398002F986B /* BrewRecipe.swift */ = {isa = PBXFileReference; lastKnownFileType = sourcecode.swift; path = BrewRecipe.swift; sourceTree = "<group>"; };
		35E0E5E323076B14004A86FD /* DesiredTasteVMTests.swift */ = {isa = PBXFileReference; lastKnownFileType = sourcecode.swift; path = DesiredTasteVMTests.swift; sourceTree = "<group>"; };
		35EC73F62308273500964665 /* BrewParametersTests.swift */ = {isa = PBXFileReference; lastKnownFileType = sourcecode.swift; path = BrewParametersTests.swift; sourceTree = "<group>"; };
		35EC73F823082D7100964665 /* XCTestCase+setUp.swift */ = {isa = PBXFileReference; lastKnownFileType = sourcecode.swift; path = "XCTestCase+setUp.swift"; sourceTree = "<group>"; };
		35EC73FA23084E7D00964665 /* BrewVariableBundleCellVMTests.swift */ = {isa = PBXFileReference; lastKnownFileType = sourcecode.swift; path = BrewVariableBundleCellVMTests.swift; sourceTree = "<group>"; };
		35EC73FC2308541400964665 /* BrewVariableTests.swift */ = {isa = PBXFileReference; lastKnownFileType = sourcecode.swift; path = BrewVariableTests.swift; sourceTree = "<group>"; };
		35EC73FE2308B73200964665 /* BrewVariable.swift */ = {isa = PBXFileReference; lastKnownFileType = sourcecode.swift; path = BrewVariable.swift; sourceTree = "<group>"; };
		35EC74022308BEBC00964665 /* BaseViewModel.swift */ = {isa = PBXFileReference; lastKnownFileType = sourcecode.swift; path = BaseViewModel.swift; sourceTree = "<group>"; };
		35EC74052308BEE300964665 /* DesiredTasteVM.swift */ = {isa = PBXFileReference; lastKnownFileType = sourcecode.swift; path = DesiredTasteVM.swift; sourceTree = "<group>"; };
		35EC74082308BF1400964665 /* BrewVariableBundleCellVM.swift */ = {isa = PBXFileReference; lastKnownFileType = sourcecode.swift; path = BrewVariableBundleCellVM.swift; sourceTree = "<group>"; };
		35FF73F62328EE08008646DA /* BrewingVMTests.swift */ = {isa = PBXFileReference; lastKnownFileType = sourcecode.swift; path = BrewingVMTests.swift; sourceTree = "<group>"; };
		470F73BD2378499500AAD8D1 /* AppOptionsTests.swift */ = {isa = PBXFileReference; lastKnownFileType = sourcecode.swift; path = AppOptionsTests.swift; sourceTree = "<group>"; };
		470F73C32378D22700AAD8D1 /* UIColor+darkMode.swift */ = {isa = PBXFileReference; lastKnownFileType = sourcecode.swift; path = "UIColor+darkMode.swift"; sourceTree = "<group>"; };
		470F73C52378D8BB00AAD8D1 /* UIView+backgroundColor.swift */ = {isa = PBXFileReference; lastKnownFileType = sourcecode.swift; path = "UIView+backgroundColor.swift"; sourceTree = "<group>"; };
		470F73CA2378E17400AAD8D1 /* Style.swift */ = {isa = PBXFileReference; lastKnownFileType = sourcecode.swift; path = Style.swift; sourceTree = "<group>"; };
		473D023D262782F200319FF0 /* PhaseLabelView.swift */ = {isa = PBXFileReference; lastKnownFileType = sourcecode.swift; path = PhaseLabelView.swift; sourceTree = "<group>"; };
		47997519235E6A7100962405 /* PrismoEspressoPlan.swift */ = {isa = PBXFileReference; lastKnownFileType = sourcecode.swift; path = PrismoEspressoPlan.swift; sourceTree = "<group>"; };
		4DA8033607392551CCA2F0A5 /* Pods_AIropressTests.framework */ = {isa = PBXFileReference; explicitFileType = wrapper.framework; includeInIndex = 0; path = Pods_AIropressTests.framework; sourceTree = BUILT_PRODUCTS_DIR; };
		73DCB98EDA12910FCCC07D77 /* Pods-AIropressTests.release.xcconfig */ = {isa = PBXFileReference; includeInIndex = 1; lastKnownFileType = text.xcconfig; name = "Pods-AIropressTests.release.xcconfig"; path = "Target Support Files/Pods-AIropressTests/Pods-AIropressTests.release.xcconfig"; sourceTree = "<group>"; };
		82F617CABEF1402A5A3CB0AE /* Pods-AIropress.release.xcconfig */ = {isa = PBXFileReference; includeInIndex = 1; lastKnownFileType = text.xcconfig; name = "Pods-AIropress.release.xcconfig"; path = "Target Support Files/Pods-AIropress/Pods-AIropress.release.xcconfig"; sourceTree = "<group>"; };
		A0345FC84D934D5DD22754E8 /* Pods-AIropress.format.xcconfig */ = {isa = PBXFileReference; includeInIndex = 1; lastKnownFileType = text.xcconfig; name = "Pods-AIropress.format.xcconfig"; path = "Target Support Files/Pods-AIropress/Pods-AIropress.format.xcconfig"; sourceTree = "<group>"; };
		C5DE7E97D5832D15F91D83EE /* Pods_AIropress.framework */ = {isa = PBXFileReference; explicitFileType = wrapper.framework; includeInIndex = 0; path = Pods_AIropress.framework; sourceTree = BUILT_PRODUCTS_DIR; };
		DB3017CA310FD2AA0059EE18 /* Pods-AIropress.debug.xcconfig */ = {isa = PBXFileReference; includeInIndex = 1; lastKnownFileType = text.xcconfig; name = "Pods-AIropress.debug.xcconfig"; path = "Target Support Files/Pods-AIropress/Pods-AIropress.debug.xcconfig"; sourceTree = "<group>"; };
		DD14950032619E994894DF06 /* Pods-AIropressTests.debug.xcconfig */ = {isa = PBXFileReference; includeInIndex = 1; lastKnownFileType = text.xcconfig; name = "Pods-AIropressTests.debug.xcconfig"; path = "Target Support Files/Pods-AIropressTests/Pods-AIropressTests.debug.xcconfig"; sourceTree = "<group>"; };
		FB792758141312D87B401E96 /* Pods-AIropressTests.format.xcconfig */ = {isa = PBXFileReference; includeInIndex = 1; lastKnownFileType = text.xcconfig; name = "Pods-AIropressTests.format.xcconfig"; path = "Target Support Files/Pods-AIropressTests/Pods-AIropressTests.format.xcconfig"; sourceTree = "<group>"; };
/* End PBXFileReference section */

/* Begin PBXFrameworksBuildPhase section */
		35076C34230468F5006BBDDF /* Frameworks */ = {
			isa = PBXFrameworksBuildPhase;
			buildActionMask = 2147483647;
			files = (
				85AF326F656DC5FB03F26AAF /* Pods_AIropress.framework in Frameworks */,
			);
			runOnlyForDeploymentPostprocessing = 0;
		};
		35076C48230468F6006BBDDF /* Frameworks */ = {
			isa = PBXFrameworksBuildPhase;
			buildActionMask = 2147483647;
			files = (
				73CEEAB2EF96AA6276E48A9F /* Pods_AIropressTests.framework in Frameworks */,
			);
			runOnlyForDeploymentPostprocessing = 0;
		};
/* End PBXFrameworksBuildPhase section */

/* Begin PBXGroup section */
		27006A37A2764EFB88ACA205 /* Frameworks */ = {
			isa = PBXGroup;
			children = (
				C5DE7E97D5832D15F91D83EE /* Pods_AIropress.framework */,
				4DA8033607392551CCA2F0A5 /* Pods_AIropressTests.framework */,
			);
			name = Frameworks;
			sourceTree = "<group>";
		};
		350457EC23096CC800F4B8DC /* ViewController */ = {
			isa = PBXGroup;
			children = (
				350457FC230A07DA00F4B8DC /* BaseViewController.swift */,
				350457ED23096CE300F4B8DC /* DesiredTasteViewController.swift */,
				3527AF0D230DF51700ED0E26 /* AIProcessingViewController.swift */,
				352A1FAD230F544F00D7FE02 /* ViewRecipeViewController.swift */,
				351A66C42319CBE800D1061B /* BrewPrepViewController.swift */,
				3512F33E232C19B700368485 /* BrewingViewController.swift */,
				3512F34B232C448300368485 /* AllDoneViewController.swift */,
			);
			path = ViewController;
			sourceTree = "<group>";
		};
		350457EF23096CFB00F4B8DC /* ViewControllerTests */ = {
			isa = PBXGroup;
			children = (
				35072E4F230B48D700689F75 /* BaseViewControllerTests.swift */,
			);
			path = ViewControllerTests;
			sourceTree = "<group>";
		};
		350457F92309AE8A00F4B8DC /* Extension */ = {
			isa = PBXGroup;
			children = (
				470F73C72378D8C100AAD8D1 /* UI */,
				3506807B231A9B8000604CE5 /* Double+toString.swift */,
				3549D8C92333D27A00267796 /* Dictionary+merge.swift */,
				3512F341232C223300368485 /* Collection+safeSubscript.swift */,
			);
			path = Extension;
			sourceTree = "<group>";
		};
		350457FE230A0C7F00F4B8DC /* SceneView */ = {
			isa = PBXGroup;
			children = (
				350457FF230A0C8F00F4B8DC /* BaseSceneView.swift */,
				351A66BE2319600300D1061B /* LabeledSceneView.swift */,
				35045801230A0E3300F4B8DC /* DesiredTasteSceneView.swift */,
				3527AF0F230DF54700ED0E26 /* AIProcessingSceneView.swift */,
				352A1FAF230F546000D7FE02 /* ViewRecipeSceneView.swift */,
				351A66BC23195F3800D1061B /* BrewPrepSceneView.swift */,
				3512F33B232BC9DA00368485 /* BrewingSceneView.swift */,
				3512F349232C435600368485 /* AllDoneSceneView.swift */,
			);
			path = SceneView;
			sourceTree = "<group>";
		};
		35072E48230B464A00689F75 /* View */ = {
			isa = PBXGroup;
			children = (
				352A1FBA230F5D1B00D7FE02 /* CellView */,
				352A1FB7230F5B0E00D7FE02 /* Cell */,
				35072E3E230B002000689F75 /* DiscreteSlider.swift */,
				35072E49230B475A00689F75 /* ConfigurableTableCell.swift */,
				35124274230C5CA600C692DD /* BrewVariableSlider.swift */,
				473D023D262782F200319FF0 /* PhaseLabelView.swift */,
			);
			path = View;
			sourceTree = "<group>";
		};
		35072E51230B4AD400689F75 /* ViewTests */ = {
			isa = PBXGroup;
			children = (
				35072E52230B4B5E00689F75 /* BrewVariableBundleCellTests.swift */,
			);
			path = ViewTests;
			sourceTree = "<group>";
		};
		35076C2E230468F5006BBDDF = {
			isa = PBXGroup;
			children = (
				35076C39230468F5006BBDDF /* AIropress */,
				35076C4E230468F6006BBDDF /* AIropressTests */,
				35076C38230468F5006BBDDF /* Products */,
				394AF8840DC61A7D7E63C5C9 /* Pods */,
				27006A37A2764EFB88ACA205 /* Frameworks */,
			);
			sourceTree = "<group>";
		};
		35076C38230468F5006BBDDF /* Products */ = {
			isa = PBXGroup;
			children = (
				35076C37230468F5006BBDDF /* AIropress.app */,
				35076C4B230468F6006BBDDF /* AIropressTests.xctest */,
			);
			name = Products;
			sourceTree = "<group>";
		};
		35076C39230468F5006BBDDF /* AIropress */ = {
			isa = PBXGroup;
			children = (
				35833E4B230752CD002F986B /* FlowController */,
				350457EC23096CC800F4B8DC /* ViewController */,
				35EC74012308BE9800964665 /* ViewModel */,
				350457FE230A0C7F00F4B8DC /* SceneView */,
				35833E4E23075302002F986B /* Model */,
				35072E48230B464A00689F75 /* View */,
				350457F92309AE8A00F4B8DC /* Extension */,
				35076C3A230468F5006BBDDF /* AppDelegate.swift */,
				35076C41230468F6006BBDDF /* Assets.xcassets */,
				35076C43230468F6006BBDDF /* LaunchScreen.storyboard */,
				35076C46230468F6006BBDDF /* Info.plist */,
			);
			path = AIropress;
			sourceTree = "<group>";
		};
		35076C4E230468F6006BBDDF /* AIropressTests */ = {
			isa = PBXGroup;
			children = (
				3560123B23071ACA003AF91D /* FlowControllerTests */,
				350457EF23096CFB00F4B8DC /* ViewControllerTests */,
				35E0E5E223076A5C004A86FD /* ViewModelTests */,
				35EC73F52308270800964665 /* ModelTests */,
				35072E51230B4AD400689F75 /* ViewTests */,
				35076C51230468F6006BBDDF /* Info.plist */,
				35EC73F823082D7100964665 /* XCTestCase+setUp.swift */,
			);
			path = AIropressTests;
			sourceTree = "<group>";
		};
		352A1FB7230F5B0E00D7FE02 /* Cell */ = {
			isa = PBXGroup;
			children = (
				352A1FB5230F5AB300D7FE02 /* BaseTableViewCell.swift */,
				35072E4C230B47D500689F75 /* BrewVariableBundleCell.swift */,
				352A1FB3230F59BC00D7FE02 /* RecipeConstantCell.swift */,
				352A1FBD230F68C900D7FE02 /* RecipeSemiConstantCell.swift */,
				3569D331231F2F2000427450 /* PrepStepCell.swift */,
			);
			path = Cell;
			sourceTree = "<group>";
		};
		352A1FBA230F5D1B00D7FE02 /* CellView */ = {
			isa = PBXGroup;
			children = (
				352A1FB8230F5C4300D7FE02 /* BaseCellView.swift */,
				352A1FBB230F5D3700D7FE02 /* BrewVariableBundleCellView.swift */,
				3532AA9723105C4700C1F373 /* RecipeConstantCellView.swift */,
				3532AA9D23106AA700C1F373 /* RecipeSemiConstantCellView.swift */,
				3569D334231F300F00427450 /* PrepStepCellView.swift */,
			);
			path = CellView;
			sourceTree = "<group>";
		};
		3546370523316A60006C8DA6 /* Recipe */ = {
			isa = PBXGroup;
			children = (
				35EC73FE2308B73200964665 /* BrewVariable.swift */,
				35833E532307537C002F986B /* BrewParameters.swift */,
				3549D8C723339C8100267796 /* RecipeValue.swift */,
				35833E5523075398002F986B /* BrewRecipe.swift */,
				3546370223316A1C006C8DA6 /* RecipeConstant.swift */,
			);
			path = Recipe;
			sourceTree = "<group>";
		};
		3546370623316A90006C8DA6 /* Brew */ = {
			isa = PBXGroup;
			children = (
				4799751B235E6A7F00962405 /* Plan */,
				351A66B623194C2900D1061B /* PrepStep.swift */,
				351A66B323194BFE00D1061B /* PrepParams.swift */,
				3512F335232BC90D00368485 /* PhaseTextSet.swift */,
				3512F338232BC93300368485 /* BrewPhaseTimer.swift */,
			);
			path = Brew;
			sourceTree = "<group>";
		};
		3560123B23071ACA003AF91D /* FlowControllerTests */ = {
			isa = PBXGroup;
			children = (
				3560123C23071AEA003AF91D /* MainFlowControllerTests.swift */,
			);
			path = FlowControllerTests;
			sourceTree = "<group>";
		};
		35833E4B230752CD002F986B /* FlowController */ = {
			isa = PBXGroup;
			children = (
				350457F22309A3C900F4B8DC /* MainViewControllerProvider.swift */,
				35833E4C230752E4002F986B /* MainFlowController.swift */,
				35833E512307534F002F986B /* FlowControl.swift */,
			);
			path = FlowController;
			sourceTree = "<group>";
		};
		35833E4E23075302002F986B /* Model */ = {
			isa = PBXGroup;
			children = (
				3546370523316A60006C8DA6 /* Recipe */,
				3546370623316A90006C8DA6 /* Brew */,
				350457F42309A47300F4B8DC /* Options.swift */,
				470F73CA2378E17400AAD8D1 /* Style.swift */,
				35833E4F2307530E002F986B /* Scene.swift */,
				3552D3CD235E5E1200C0FF6F /* UserActivityType.swift */,
			);
			path = Model;
			sourceTree = "<group>";
		};
		35E0E5E223076A5C004A86FD /* ViewModelTests */ = {
			isa = PBXGroup;
			children = (
				35047F98232D7420004413C2 /* BaseTableVMTests.swift */,
				35E0E5E323076B14004A86FD /* DesiredTasteVMTests.swift */,
				3527AF08230DCC4C00ED0E26 /* AIProcessingVMTests.swift */,
				3527AF16230E0F4C00ED0E26 /* ViewRecipeVMTests.swift */,
				35EC73FA23084E7D00964665 /* BrewVariableBundleCellVMTests.swift */,
				352A1F9F230EC51A00D7FE02 /* ConstantCellVMTests.swift */,
				352A1FA2230EC59100D7FE02 /* SemiConstantCellVMTests.swift */,
				350118E32315F01200A4EE79 /* PrepStepCellVMTests.swift */,
				350118E52315F10D00A4EE79 /* BrewPrepVMTests.swift */,
				35FF73F62328EE08008646DA /* BrewingVMTests.swift */,
				3512F344232C40C700368485 /* AllDoneVMTests.swift */,
			);
			path = ViewModelTests;
			sourceTree = "<group>";
		};
		35EC73F52308270800964665 /* ModelTests */ = {
			isa = PBXGroup;
			children = (
				35EC73F62308273500964665 /* BrewParametersTests.swift */,
				35EC73FC2308541400964665 /* BrewVariableTests.swift */,
				35072E3C230AFBFB00689F75 /* DiscreteSliderTests.swift */,
				3569D32F231F1B2600427450 /* PrepParamsTests.swift */,
				3543D5BC23294A0500E5E45D /* BrewPhaseTimerTests.swift */,
				35167BA12336CCE8003FCD92 /* BrewRecipeTests.swift */,
				470F73BD2378499500AAD8D1 /* AppOptionsTests.swift */,
			);
			path = ModelTests;
			sourceTree = "<group>";
		};
		35EC74012308BE9800964665 /* ViewModel */ = {
			isa = PBXGroup;
			children = (
				35EC74022308BEBC00964665 /* BaseViewModel.swift */,
				35EC74052308BEE300964665 /* DesiredTasteVM.swift */,
				3527AF0A230DF4C200ED0E26 /* AIProcessingVM.swift */,
				35EC74082308BF1400964665 /* BrewVariableBundleCellVM.swift */,
				352A1FA4230EF97300D7FE02 /* SemiConstantCellVM.swift */,
				352A1FA7230EF99100D7FE02 /* ConstantCellVM.swift */,
				352A1FAA230F53D200D7FE02 /* ViewRecipeVM.swift */,
				351A66B023194BDE00D1061B /* BrewPrepVM.swift */,
				351A66B923194C4C00D1061B /* PrepStepCellVM.swift */,
				3512F332232BC8DC00368485 /* BrewingVM.swift */,
				3512F346232C429F00368485 /* AllDoneVM.swift */,
			);
			path = ViewModel;
			sourceTree = "<group>";
		};
		394AF8840DC61A7D7E63C5C9 /* Pods */ = {
			isa = PBXGroup;
			children = (
				DB3017CA310FD2AA0059EE18 /* Pods-AIropress.debug.xcconfig */,
				82F617CABEF1402A5A3CB0AE /* Pods-AIropress.release.xcconfig */,
				DD14950032619E994894DF06 /* Pods-AIropressTests.debug.xcconfig */,
				73DCB98EDA12910FCCC07D77 /* Pods-AIropressTests.release.xcconfig */,
				A0345FC84D934D5DD22754E8 /* Pods-AIropress.format.xcconfig */,
				FB792758141312D87B401E96 /* Pods-AIropressTests.format.xcconfig */,
			);
			path = Pods;
			sourceTree = "<group>";
		};
		470F73C72378D8C100AAD8D1 /* UI */ = {
			isa = PBXGroup;
			children = (
				470F73C32378D22700AAD8D1 /* UIColor+darkMode.swift */,
				470F73C52378D8BB00AAD8D1 /* UIView+backgroundColor.swift */,
				3527AF13230DFFCA00ED0E26 /* UIView+fadeTransition.swift */,
				350457FA2309AEB500F4B8DC /* UINavigationController+BaseNavigationController.swift */,
				3532AA9923105E0500C1F373 /* TinyEdgeInset+convienceInit.swift */,
			);
			path = UI;
			sourceTree = "<group>";
		};
		4799751B235E6A7F00962405 /* Plan */ = {
			isa = PBXGroup;
			children = (
				352B6DB223285139004C43B8 /* BrewingPlan.swift */,
				3546370723316AD0006C8DA6 /* AeroPressFilterPlan.swift */,
				47997519235E6A7100962405 /* PrismoEspressoPlan.swift */,
			);
			path = Plan;
			sourceTree = "<group>";
		};
/* End PBXGroup section */

/* Begin PBXNativeTarget section */
		35076C36230468F5006BBDDF /* AIropress */ = {
			isa = PBXNativeTarget;
			buildConfigurationList = 35076C54230468F6006BBDDF /* Build configuration list for PBXNativeTarget "AIropress" */;
			buildPhases = (
				EF8CEA5F341D9C3F5F3CE224 /* [CP] Check Pods Manifest.lock */,
				35167BA92336DFD2003FCD92 /* Run Script - SwiftLint autocorrect */,
				3575DC3D2380690F00DDE35E /* Run Script - SwiftFormat */,
				35076C33230468F5006BBDDF /* Sources */,
				35167BA82336DA5C003FCD92 /* Run Script - SwiftLint check */,
				35076C34230468F5006BBDDF /* Frameworks */,
				35076C35230468F5006BBDDF /* Resources */,
				F9BF71EEFB0AD7B7BE9C9490 /* [CP] Embed Pods Frameworks */,
			);
			buildRules = (
			);
			dependencies = (
			);
			name = AIropress;
			productName = AIropress;
			productReference = 35076C37230468F5006BBDDF /* AIropress.app */;
			productType = "com.apple.product-type.application";
		};
		35076C4A230468F6006BBDDF /* AIropressTests */ = {
			isa = PBXNativeTarget;
			buildConfigurationList = 35076C57230468F6006BBDDF /* Build configuration list for PBXNativeTarget "AIropressTests" */;
			buildPhases = (
				C44D96A515FF866BAA48B6D6 /* [CP] Check Pods Manifest.lock */,
				35076C47230468F6006BBDDF /* Sources */,
				35076C48230468F6006BBDDF /* Frameworks */,
				35076C49230468F6006BBDDF /* Resources */,
				AFAF644CABFBF9D301313641 /* [CP] Embed Pods Frameworks */,
			);
			buildRules = (
			);
			dependencies = (
				35076C4D230468F6006BBDDF /* PBXTargetDependency */,
			);
			name = AIropressTests;
			productName = AIropressTests;
			productReference = 35076C4B230468F6006BBDDF /* AIropressTests.xctest */;
			productType = "com.apple.product-type.bundle.unit-test";
		};
/* End PBXNativeTarget section */

/* Begin PBXProject section */
		35076C2F230468F5006BBDDF /* Project object */ = {
			isa = PBXProject;
			attributes = {
				LastSwiftUpdateCheck = 1030;
				LastUpgradeCheck = 1030;
				ORGANIZATIONNAME = "Tomas Skypala";
				TargetAttributes = {
					35076C36230468F5006BBDDF = {
						CreatedOnToolsVersion = 10.3;
					};
					35076C4A230468F6006BBDDF = {
						CreatedOnToolsVersion = 10.3;
					};
				};
			};
			buildConfigurationList = 35076C32230468F5006BBDDF /* Build configuration list for PBXProject "AIropress" */;
			compatibilityVersion = "Xcode 9.3";
			developmentRegion = en;
			hasScannedForEncodings = 0;
			knownRegions = (
				en,
				Base,
			);
			mainGroup = 35076C2E230468F5006BBDDF;
			productRefGroup = 35076C38230468F5006BBDDF /* Products */;
			projectDirPath = "";
			projectRoot = "";
			targets = (
				35076C36230468F5006BBDDF /* AIropress */,
				35076C4A230468F6006BBDDF /* AIropressTests */,
			);
		};
/* End PBXProject section */

/* Begin PBXResourcesBuildPhase section */
		35076C35230468F5006BBDDF /* Resources */ = {
			isa = PBXResourcesBuildPhase;
			buildActionMask = 2147483647;
			files = (
				35076C45230468F6006BBDDF /* LaunchScreen.storyboard in Resources */,
				35076C42230468F6006BBDDF /* Assets.xcassets in Resources */,
			);
			runOnlyForDeploymentPostprocessing = 0;
		};
		35076C49230468F6006BBDDF /* Resources */ = {
			isa = PBXResourcesBuildPhase;
			buildActionMask = 2147483647;
			files = (
				35167BA42336D30E003FCD92 /* Assets.xcassets in Resources */,
			);
			runOnlyForDeploymentPostprocessing = 0;
		};
/* End PBXResourcesBuildPhase section */

/* Begin PBXShellScriptBuildPhase section */
		35167BA82336DA5C003FCD92 /* Run Script - SwiftLint check */ = {
			isa = PBXShellScriptBuildPhase;
			buildActionMask = 2147483647;
			files = (
			);
			inputFileListPaths = (
			);
			inputPaths = (
			);
			name = "Run Script - SwiftLint check";
			outputFileListPaths = (
			);
			outputPaths = (
			);
			runOnlyForDeploymentPostprocessing = 0;
			shellPath = /bin/sh;
			shellScript = "if [ \"${CONFIGURATION}\" == \"Debug\" ]; then\n    \"${PODS_ROOT}/SwiftLint/swiftlint\"\nfi\n";
		};
		35167BA92336DFD2003FCD92 /* Run Script - SwiftLint autocorrect */ = {
			isa = PBXShellScriptBuildPhase;
			buildActionMask = 2147483647;
			files = (
			);
			inputFileListPaths = (
			);
			inputPaths = (
			);
			name = "Run Script - SwiftLint autocorrect";
			outputFileListPaths = (
			);
			outputPaths = (
			);
			runOnlyForDeploymentPostprocessing = 0;
			shellPath = /bin/sh;
			shellScript = "if [ \"${CONFIGURATION}\" == \"Debug\" ]; then\n    \"${PODS_ROOT}/SwiftLint/swiftlint\" autocorrect\nfi\n";
		};
		3575DC3D2380690F00DDE35E /* Run Script - SwiftFormat */ = {
			isa = PBXShellScriptBuildPhase;
			buildActionMask = 12;
			files = (
			);
			inputFileListPaths = (
			);
			inputPaths = (
			);
			name = "Run Script - SwiftFormat";
			outputFileListPaths = (
			);
			outputPaths = (
			);
			runOnlyForDeploymentPostprocessing = 0;
			shellPath = /bin/sh;
			shellScript = "if [ \"${CONFIGURATION}\" == \"Format\" ]; then\n    \"${PODS_ROOT}/SwiftFormat/CommandLineTool/swiftformat\" \"${SRCROOT}/\"\nfi\n";
		};
		AFAF644CABFBF9D301313641 /* [CP] Embed Pods Frameworks */ = {
			isa = PBXShellScriptBuildPhase;
			buildActionMask = 2147483647;
			files = (
			);
			inputFileListPaths = (
				"${PODS_ROOT}/Target Support Files/Pods-AIropressTests/Pods-AIropressTests-frameworks-${CONFIGURATION}-input-files.xcfilelist",
			);
			name = "[CP] Embed Pods Frameworks";
			outputFileListPaths = (
				"${PODS_ROOT}/Target Support Files/Pods-AIropressTests/Pods-AIropressTests-frameworks-${CONFIGURATION}-output-files.xcfilelist",
			);
			runOnlyForDeploymentPostprocessing = 0;
			shellPath = /bin/sh;
			shellScript = "\"${PODS_ROOT}/Target Support Files/Pods-AIropressTests/Pods-AIropressTests-frameworks.sh\"\n";
			showEnvVarsInLog = 0;
		};
		C44D96A515FF866BAA48B6D6 /* [CP] Check Pods Manifest.lock */ = {
			isa = PBXShellScriptBuildPhase;
			buildActionMask = 2147483647;
			files = (
			);
			inputFileListPaths = (
			);
			inputPaths = (
				"${PODS_PODFILE_DIR_PATH}/Podfile.lock",
				"${PODS_ROOT}/Manifest.lock",
			);
			name = "[CP] Check Pods Manifest.lock";
			outputFileListPaths = (
			);
			outputPaths = (
				"$(DERIVED_FILE_DIR)/Pods-AIropressTests-checkManifestLockResult.txt",
			);
			runOnlyForDeploymentPostprocessing = 0;
			shellPath = /bin/sh;
			shellScript = "diff \"${PODS_PODFILE_DIR_PATH}/Podfile.lock\" \"${PODS_ROOT}/Manifest.lock\" > /dev/null\nif [ $? != 0 ] ; then\n    # print error to STDERR\n    echo \"error: The sandbox is not in sync with the Podfile.lock. Run 'pod install' or update your CocoaPods installation.\" >&2\n    exit 1\nfi\n# This output is used by Xcode 'outputs' to avoid re-running this script phase.\necho \"SUCCESS\" > \"${SCRIPT_OUTPUT_FILE_0}\"\n";
			showEnvVarsInLog = 0;
		};
		EF8CEA5F341D9C3F5F3CE224 /* [CP] Check Pods Manifest.lock */ = {
			isa = PBXShellScriptBuildPhase;
			buildActionMask = 2147483647;
			files = (
			);
			inputFileListPaths = (
			);
			inputPaths = (
				"${PODS_PODFILE_DIR_PATH}/Podfile.lock",
				"${PODS_ROOT}/Manifest.lock",
			);
			name = "[CP] Check Pods Manifest.lock";
			outputFileListPaths = (
			);
			outputPaths = (
				"$(DERIVED_FILE_DIR)/Pods-AIropress-checkManifestLockResult.txt",
			);
			runOnlyForDeploymentPostprocessing = 0;
			shellPath = /bin/sh;
			shellScript = "diff \"${PODS_PODFILE_DIR_PATH}/Podfile.lock\" \"${PODS_ROOT}/Manifest.lock\" > /dev/null\nif [ $? != 0 ] ; then\n    # print error to STDERR\n    echo \"error: The sandbox is not in sync with the Podfile.lock. Run 'pod install' or update your CocoaPods installation.\" >&2\n    exit 1\nfi\n# This output is used by Xcode 'outputs' to avoid re-running this script phase.\necho \"SUCCESS\" > \"${SCRIPT_OUTPUT_FILE_0}\"\n";
			showEnvVarsInLog = 0;
		};
		F9BF71EEFB0AD7B7BE9C9490 /* [CP] Embed Pods Frameworks */ = {
			isa = PBXShellScriptBuildPhase;
			buildActionMask = 2147483647;
			files = (
			);
			inputFileListPaths = (
				"${PODS_ROOT}/Target Support Files/Pods-AIropress/Pods-AIropress-frameworks-${CONFIGURATION}-input-files.xcfilelist",
			);
			name = "[CP] Embed Pods Frameworks";
			outputFileListPaths = (
				"${PODS_ROOT}/Target Support Files/Pods-AIropress/Pods-AIropress-frameworks-${CONFIGURATION}-output-files.xcfilelist",
			);
			runOnlyForDeploymentPostprocessing = 0;
			shellPath = /bin/sh;
			shellScript = "\"${PODS_ROOT}/Target Support Files/Pods-AIropress/Pods-AIropress-frameworks.sh\"\n";
			showEnvVarsInLog = 0;
		};
/* End PBXShellScriptBuildPhase section */

/* Begin PBXSourcesBuildPhase section */
		35076C33230468F5006BBDDF /* Sources */ = {
			isa = PBXSourcesBuildPhase;
			buildActionMask = 2147483647;
			files = (
				3546370323316A1C006C8DA6 /* RecipeConstant.swift in Sources */,
				352A1FBC230F5D3700D7FE02 /* BrewVariableBundleCellView.swift in Sources */,
				3512F339232BC93300368485 /* BrewPhaseTimer.swift in Sources */,
				351A66B723194C2900D1061B /* PrepStep.swift in Sources */,
				350457F32309A3C900F4B8DC /* MainViewControllerProvider.swift in Sources */,
				35833E502307530E002F986B /* Scene.swift in Sources */,
				3532AA9A23105E0500C1F373 /* TinyEdgeInset+convienceInit.swift in Sources */,
				352A1FAE230F544F00D7FE02 /* ViewRecipeViewController.swift in Sources */,
				351A66C52319CBE800D1061B /* BrewPrepViewController.swift in Sources */,
				352A1FA5230EF97300D7FE02 /* SemiConstantCellVM.swift in Sources */,
				351A66B423194BFE00D1061B /* PrepParams.swift in Sources */,
				3527AF14230DFFCA00ED0E26 /* UIView+fadeTransition.swift in Sources */,
				4799751A235E6A7100962405 /* PrismoEspressoPlan.swift in Sources */,
				35124275230C5CA600C692DD /* BrewVariableSlider.swift in Sources */,
				3527AF0B230DF4C200ED0E26 /* AIProcessingVM.swift in Sources */,
				3512F33F232C19B700368485 /* BrewingViewController.swift in Sources */,
				35EC74092308BF1400964665 /* BrewVariableBundleCellVM.swift in Sources */,
				350457EE23096CE300F4B8DC /* DesiredTasteViewController.swift in Sources */,
				350457FB2309AEB500F4B8DC /* UINavigationController+BaseNavigationController.swift in Sources */,
				3569D335231F300F00427450 /* PrepStepCellView.swift in Sources */,
				470F73C42378D22700AAD8D1 /* UIColor+darkMode.swift in Sources */,
				3549D8C823339C8100267796 /* RecipeValue.swift in Sources */,
				3527AF0E230DF51700ED0E26 /* AIProcessingViewController.swift in Sources */,
				35833E4D230752E4002F986B /* MainFlowController.swift in Sources */,
				352A1FAB230F53D200D7FE02 /* ViewRecipeVM.swift in Sources */,
				35EC74062308BEE300964665 /* DesiredTasteVM.swift in Sources */,
				352A1FB9230F5C4300D7FE02 /* BaseCellView.swift in Sources */,
				3512F336232BC90D00368485 /* PhaseTextSet.swift in Sources */,
				352A1FB0230F546000D7FE02 /* ViewRecipeSceneView.swift in Sources */,
				35EC73FF2308B73200964665 /* BrewVariable.swift in Sources */,
				3569D332231F2F2000427450 /* PrepStepCell.swift in Sources */,
				352A1FB6230F5AB300D7FE02 /* BaseTableViewCell.swift in Sources */,
				3512F347232C429F00368485 /* AllDoneVM.swift in Sources */,
				35833E5623075398002F986B /* BrewRecipe.swift in Sources */,
				470F73C62378D8BB00AAD8D1 /* UIView+backgroundColor.swift in Sources */,
				3512F34A232C435600368485 /* AllDoneSceneView.swift in Sources */,
				350457F52309A47300F4B8DC /* Options.swift in Sources */,
				470F73CB2378E17400AAD8D1 /* Style.swift in Sources */,
				473D023E262782F200319FF0 /* PhaseLabelView.swift in Sources */,
				35EC74032308BEBC00964665 /* BaseViewModel.swift in Sources */,
				35072E3F230B002000689F75 /* DiscreteSlider.swift in Sources */,
				352A1FB4230F59BC00D7FE02 /* RecipeConstantCell.swift in Sources */,
				351A66C22319CA3800D1061B /* LabeledSceneView.swift in Sources */,
				35833E542307537C002F986B /* BrewParameters.swift in Sources */,
				352A1FBE230F68C900D7FE02 /* RecipeSemiConstantCell.swift in Sources */,
				3512F333232BC8DC00368485 /* BrewingVM.swift in Sources */,
				35072E4D230B47D500689F75 /* BrewVariableBundleCell.swift in Sources */,
				3546370823316AD0006C8DA6 /* AeroPressFilterPlan.swift in Sources */,
				350457FD230A07DA00F4B8DC /* BaseViewController.swift in Sources */,
				351A66BA23194C4C00D1061B /* PrepStepCellVM.swift in Sources */,
				3512F34C232C448300368485 /* AllDoneViewController.swift in Sources */,
				3549D8CA2333D27A00267796 /* Dictionary+merge.swift in Sources */,
				3506807C231A9B8000604CE5 /* Double+toString.swift in Sources */,
				3532AA9823105C4700C1F373 /* RecipeConstantCellView.swift in Sources */,
				3532AA9E23106AA800C1F373 /* RecipeSemiConstantCellView.swift in Sources */,
				35045802230A0E3300F4B8DC /* DesiredTasteSceneView.swift in Sources */,
				35833E522307534F002F986B /* FlowControl.swift in Sources */,
				3512F33C232BC9DA00368485 /* BrewingSceneView.swift in Sources */,
				3552D3CE235E5E1200C0FF6F /* UserActivityType.swift in Sources */,
				35072E4A230B475A00689F75 /* ConfigurableTableCell.swift in Sources */,
				3512F342232C223300368485 /* Collection+safeSubscript.swift in Sources */,
				35045800230A0C8F00F4B8DC /* BaseSceneView.swift in Sources */,
				3527AF10230DF54700ED0E26 /* AIProcessingSceneView.swift in Sources */,
				351A66BD23195F3800D1061B /* BrewPrepSceneView.swift in Sources */,
				352A1FA8230EF99100D7FE02 /* ConstantCellVM.swift in Sources */,
				35076C3B230468F5006BBDDF /* AppDelegate.swift in Sources */,
				351A66B123194BDE00D1061B /* BrewPrepVM.swift in Sources */,
				352B6DB323285139004C43B8 /* BrewingPlan.swift in Sources */,
			);
			runOnlyForDeploymentPostprocessing = 0;
		};
		35076C47230468F6006BBDDF /* Sources */ = {
			isa = PBXSourcesBuildPhase;
			buildActionMask = 2147483647;
			files = (
				3512F34D232C45D400368485 /* AllDoneViewController.swift in Sources */,
				35072E41230B0BEA00689F75 /* DesiredTasteViewController.swift in Sources */,
				35072E4B230B475A00689F75 /* ConfigurableTableCell.swift in Sources */,
				35833E5B230753EC002F986B /* MainFlowController.swift in Sources */,
				351A66C62319CF2200D1061B /* BrewPrepViewController.swift in Sources */,
				3560123E23071AEA003AF91D /* MainFlowControllerTests.swift in Sources */,
				3512F34E232C45D800368485 /* AllDoneSceneView.swift in Sources */,
				35072E47230B43A200689F75 /* DiscreteSlider.swift in Sources */,
				350118E62315F10D00A4EE79 /* BrewPrepVMTests.swift in Sources */,
				353DAA042321290300853A6A /* PrepStepCellView.swift in Sources */,
				35EC73F923082D7100964665 /* XCTestCase+setUp.swift in Sources */,
				352A1FC3230F6CD600D7FE02 /* RecipeConstantCell.swift in Sources */,
				3532AA9B2310658300C1F373 /* RecipeConstantCellView.swift in Sources */,
				3527AF15230E018900ED0E26 /* UIView+fadeTransition.swift in Sources */,
				3527AF12230DFDD300ED0E26 /* AIProcessingSceneView.swift in Sources */,
				3549D8CB2333D39100267796 /* RecipeValue.swift in Sources */,
				3512F348232C42B100368485 /* AllDoneVM.swift in Sources */,
				352A1FC1230F6CD000D7FE02 /* BaseTableViewCell.swift in Sources */,
				35EC74042308BEBF00964665 /* BaseViewModel.swift in Sources */,
				3527AF17230E0F4C00ED0E26 /* ViewRecipeVMTests.swift in Sources */,
				35167BA22336CCE8003FCD92 /* BrewRecipeTests.swift in Sources */,
				352A1FAC230F53F300D7FE02 /* ViewRecipeVM.swift in Sources */,
				3512F337232BC90D00368485 /* PhaseTextSet.swift in Sources */,
				3512F33D232BC9DA00368485 /* BrewingSceneView.swift in Sources */,
				35072E42230B0BFA00689F75 /* BaseViewController.swift in Sources */,
				35072E53230B4B5E00689F75 /* BrewVariableBundleCellTests.swift in Sources */,
				352A1FC4230F6CD900D7FE02 /* RecipeSemiConstantCell.swift in Sources */,
				3512F33A232BC93300368485 /* BrewPhaseTimer.swift in Sources */,
				3527AF11230DFDCF00ED0E26 /* AIProcessingViewController.swift in Sources */,
				35072E43230B0C0200689F75 /* BaseSceneView.swift in Sources */,
				35072E50230B48D700689F75 /* BaseViewControllerTests.swift in Sources */,
				352A1FA6230EF97600D7FE02 /* SemiConstantCellVM.swift in Sources */,
				352A1FC0230F6CCD00D7FE02 /* BaseCellView.swift in Sources */,
				352A1FA0230EC51A00D7FE02 /* ConstantCellVMTests.swift in Sources */,
				350457F82309ACB400F4B8DC /* MainViewControllerProvider.swift in Sources */,
				351A66B223194BEC00D1061B /* BrewPrepVM.swift in Sources */,
				470F73C92378DFDA00AAD8D1 /* UIView+backgroundColor.swift in Sources */,
				35072E3D230AFBFB00689F75 /* DiscreteSliderTests.swift in Sources */,
				3546370923316AE6006C8DA6 /* AeroPressFilterPlan.swift in Sources */,
				35833E5A230753E9002F986B /* BrewRecipe.swift in Sources */,
				35072E44230B0C1400689F75 /* DesiredTasteSceneView.swift in Sources */,
				4799751C235E727200962405 /* PrismoEspressoPlan.swift in Sources */,
				352A1FA9230EF99F00D7FE02 /* ConstantCellVM.swift in Sources */,
				352A1FB1230F54D800D7FE02 /* ViewRecipeSceneView.swift in Sources */,
				35E0E5E423076B14004A86FD /* DesiredTasteVMTests.swift in Sources */,
				35072E40230B0BD900689F75 /* Options.swift in Sources */,
				35833E58230753E5002F986B /* Scene.swift in Sources */,
				3546370423316A31006C8DA6 /* RecipeConstant.swift in Sources */,
				351A66B823194C4000D1061B /* PrepStep.swift in Sources */,
				3543D5BD23294A0500E5E45D /* BrewPhaseTimerTests.swift in Sources */,
				351A66C32319CA3800D1061B /* LabeledSceneView.swift in Sources */,
				35EC73FB23084E7D00964665 /* BrewVariableBundleCellVMTests.swift in Sources */,
				351A66C72319CF2E00D1061B /* BrewPrepSceneView.swift in Sources */,
				3527AF09230DCC4C00ED0E26 /* AIProcessingVMTests.swift in Sources */,
				351A66BB23194C6C00D1061B /* PrepStepCellVM.swift in Sources */,
				35124276230C8EF400C692DD /* BrewVariableSlider.swift in Sources */,
				35FF73F82328EFD8008646DA /* BrewingPlan.swift in Sources */,
				470F73C82378DFD400AAD8D1 /* UIColor+darkMode.swift in Sources */,
				351A66B523194C0C00D1061B /* PrepParams.swift in Sources */,
				3532AA9C2310658B00C1F373 /* TinyEdgeInset+convienceInit.swift in Sources */,
				35833E5C230753EE002F986B /* FlowControl.swift in Sources */,
				3527AF0C230DF4D500ED0E26 /* AIProcessingVM.swift in Sources */,
				3512F345232C40C700368485 /* AllDoneVMTests.swift in Sources */,
				3512F343232C223300368485 /* Collection+safeSubscript.swift in Sources */,
				35EC74002308B75300964665 /* BrewVariable.swift in Sources */,
				352A1FA3230EC59100D7FE02 /* SemiConstantCellVMTests.swift in Sources */,
				3512F334232BC8DC00368485 /* BrewingVM.swift in Sources */,
				3512F340232C19B700368485 /* BrewingViewController.swift in Sources */,
				3569D333231F2FC800427450 /* PrepStepCell.swift in Sources */,
				35833E59230753E7002F986B /* BrewParameters.swift in Sources */,
				3549D8CC2333D39400267796 /* Dictionary+merge.swift in Sources */,
				350118E42315F01200A4EE79 /* PrepStepCellVMTests.swift in Sources */,
				35EC740A2308BF5F00964665 /* BrewVariableBundleCellVM.swift in Sources */,
				352A1FBF230F6CCA00D7FE02 /* BrewVariableBundleCellView.swift in Sources */,
				35FF73F72328EE08008646DA /* BrewingVMTests.swift in Sources */,
				470F73CC2378F81C00AAD8D1 /* Style.swift in Sources */,
				35EC73F72308273500964665 /* BrewParametersTests.swift in Sources */,
				352A1FB2230F54DB00D7FE02 /* ViewRecipeViewController.swift in Sources */,
				3569D330231F1B2600427450 /* PrepParamsTests.swift in Sources */,
				35047F99232D7420004413C2 /* BaseTableVMTests.swift in Sources */,
				470F73BE2378499500AAD8D1 /* AppOptionsTests.swift in Sources */,
				35EC74072308BEFF00964665 /* DesiredTasteVM.swift in Sources */,
				35EC73FD2308541400964665 /* BrewVariableTests.swift in Sources */,
				352A1FC2230F6CD300D7FE02 /* BrewVariableBundleCell.swift in Sources */,
				3532AA9F2310726000C1F373 /* RecipeSemiConstantCellView.swift in Sources */,
				3569D32E231F135B00427450 /* Double+toString.swift in Sources */,
			);
			runOnlyForDeploymentPostprocessing = 0;
		};
/* End PBXSourcesBuildPhase section */

/* Begin PBXTargetDependency section */
		35076C4D230468F6006BBDDF /* PBXTargetDependency */ = {
			isa = PBXTargetDependency;
			target = 35076C36230468F5006BBDDF /* AIropress */;
			targetProxy = 35076C4C230468F6006BBDDF /* PBXContainerItemProxy */;
		};
/* End PBXTargetDependency section */

/* Begin PBXVariantGroup section */
		35076C43230468F6006BBDDF /* LaunchScreen.storyboard */ = {
			isa = PBXVariantGroup;
			children = (
				35076C44230468F6006BBDDF /* Base */,
			);
			name = LaunchScreen.storyboard;
			sourceTree = "<group>";
		};
/* End PBXVariantGroup section */

/* Begin XCBuildConfiguration section */
		35076C52230468F6006BBDDF /* Debug */ = {
			isa = XCBuildConfiguration;
			buildSettings = {
				ALWAYS_SEARCH_USER_PATHS = NO;
				CLANG_ANALYZER_NONNULL = YES;
				CLANG_ANALYZER_NUMBER_OBJECT_CONVERSION = YES_AGGRESSIVE;
				CLANG_CXX_LANGUAGE_STANDARD = "gnu++14";
				CLANG_CXX_LIBRARY = "libc++";
				CLANG_ENABLE_MODULES = YES;
				CLANG_ENABLE_OBJC_ARC = YES;
				CLANG_ENABLE_OBJC_WEAK = YES;
				CLANG_WARN_BLOCK_CAPTURE_AUTORELEASING = YES;
				CLANG_WARN_BOOL_CONVERSION = YES;
				CLANG_WARN_COMMA = YES;
				CLANG_WARN_CONSTANT_CONVERSION = YES;
				CLANG_WARN_DEPRECATED_OBJC_IMPLEMENTATIONS = YES;
				CLANG_WARN_DIRECT_OBJC_ISA_USAGE = YES_ERROR;
				CLANG_WARN_DOCUMENTATION_COMMENTS = YES;
				CLANG_WARN_EMPTY_BODY = YES;
				CLANG_WARN_ENUM_CONVERSION = YES;
				CLANG_WARN_INFINITE_RECURSION = YES;
				CLANG_WARN_INT_CONVERSION = YES;
				CLANG_WARN_NON_LITERAL_NULL_CONVERSION = YES;
				CLANG_WARN_OBJC_IMPLICIT_RETAIN_SELF = YES;
				CLANG_WARN_OBJC_LITERAL_CONVERSION = YES;
				CLANG_WARN_OBJC_ROOT_CLASS = YES_ERROR;
				CLANG_WARN_RANGE_LOOP_ANALYSIS = YES;
				CLANG_WARN_STRICT_PROTOTYPES = YES;
				CLANG_WARN_SUSPICIOUS_MOVE = YES;
				CLANG_WARN_UNGUARDED_AVAILABILITY = YES_AGGRESSIVE;
				CLANG_WARN_UNREACHABLE_CODE = YES;
				CLANG_WARN__DUPLICATE_METHOD_MATCH = YES;
				CODE_SIGN_IDENTITY = "iPhone Developer";
				COPY_PHASE_STRIP = NO;
				DEBUG_INFORMATION_FORMAT = dwarf;
				ENABLE_STRICT_OBJC_MSGSEND = YES;
				ENABLE_TESTABILITY = YES;
				GCC_C_LANGUAGE_STANDARD = gnu11;
				GCC_DYNAMIC_NO_PIC = NO;
				GCC_NO_COMMON_BLOCKS = YES;
				GCC_OPTIMIZATION_LEVEL = 0;
				GCC_PREPROCESSOR_DEFINITIONS = (
					"DEBUG=1",
					"$(inherited)",
				);
				GCC_WARN_64_TO_32_BIT_CONVERSION = YES;
				GCC_WARN_ABOUT_RETURN_TYPE = YES_ERROR;
				GCC_WARN_UNDECLARED_SELECTOR = YES;
				GCC_WARN_UNINITIALIZED_AUTOS = YES_AGGRESSIVE;
				GCC_WARN_UNUSED_FUNCTION = YES;
				GCC_WARN_UNUSED_VARIABLE = YES;
				IPHONEOS_DEPLOYMENT_TARGET = 12.4;
				MTL_ENABLE_DEBUG_INFO = INCLUDE_SOURCE;
				MTL_FAST_MATH = YES;
				ONLY_ACTIVE_ARCH = YES;
				SDKROOT = iphoneos;
				SWIFT_ACTIVE_COMPILATION_CONDITIONS = DEBUG;
				SWIFT_OPTIMIZATION_LEVEL = "-Onone";
			};
			name = Debug;
		};
		35076C53230468F6006BBDDF /* Release */ = {
			isa = XCBuildConfiguration;
			buildSettings = {
				ALWAYS_SEARCH_USER_PATHS = NO;
				CLANG_ANALYZER_NONNULL = YES;
				CLANG_ANALYZER_NUMBER_OBJECT_CONVERSION = YES_AGGRESSIVE;
				CLANG_CXX_LANGUAGE_STANDARD = "gnu++14";
				CLANG_CXX_LIBRARY = "libc++";
				CLANG_ENABLE_MODULES = YES;
				CLANG_ENABLE_OBJC_ARC = YES;
				CLANG_ENABLE_OBJC_WEAK = YES;
				CLANG_WARN_BLOCK_CAPTURE_AUTORELEASING = YES;
				CLANG_WARN_BOOL_CONVERSION = YES;
				CLANG_WARN_COMMA = YES;
				CLANG_WARN_CONSTANT_CONVERSION = YES;
				CLANG_WARN_DEPRECATED_OBJC_IMPLEMENTATIONS = YES;
				CLANG_WARN_DIRECT_OBJC_ISA_USAGE = YES_ERROR;
				CLANG_WARN_DOCUMENTATION_COMMENTS = YES;
				CLANG_WARN_EMPTY_BODY = YES;
				CLANG_WARN_ENUM_CONVERSION = YES;
				CLANG_WARN_INFINITE_RECURSION = YES;
				CLANG_WARN_INT_CONVERSION = YES;
				CLANG_WARN_NON_LITERAL_NULL_CONVERSION = YES;
				CLANG_WARN_OBJC_IMPLICIT_RETAIN_SELF = YES;
				CLANG_WARN_OBJC_LITERAL_CONVERSION = YES;
				CLANG_WARN_OBJC_ROOT_CLASS = YES_ERROR;
				CLANG_WARN_RANGE_LOOP_ANALYSIS = YES;
				CLANG_WARN_STRICT_PROTOTYPES = YES;
				CLANG_WARN_SUSPICIOUS_MOVE = YES;
				CLANG_WARN_UNGUARDED_AVAILABILITY = YES_AGGRESSIVE;
				CLANG_WARN_UNREACHABLE_CODE = YES;
				CLANG_WARN__DUPLICATE_METHOD_MATCH = YES;
				CODE_SIGN_IDENTITY = "iPhone Developer";
				COPY_PHASE_STRIP = NO;
				DEBUG_INFORMATION_FORMAT = "dwarf-with-dsym";
				ENABLE_NS_ASSERTIONS = NO;
				ENABLE_STRICT_OBJC_MSGSEND = YES;
				GCC_C_LANGUAGE_STANDARD = gnu11;
				GCC_NO_COMMON_BLOCKS = YES;
				GCC_WARN_64_TO_32_BIT_CONVERSION = YES;
				GCC_WARN_ABOUT_RETURN_TYPE = YES_ERROR;
				GCC_WARN_UNDECLARED_SELECTOR = YES;
				GCC_WARN_UNINITIALIZED_AUTOS = YES_AGGRESSIVE;
				GCC_WARN_UNUSED_FUNCTION = YES;
				GCC_WARN_UNUSED_VARIABLE = YES;
				IPHONEOS_DEPLOYMENT_TARGET = 12.4;
				MTL_ENABLE_DEBUG_INFO = NO;
				MTL_FAST_MATH = YES;
				SDKROOT = iphoneos;
				SWIFT_COMPILATION_MODE = wholemodule;
				SWIFT_OPTIMIZATION_LEVEL = "-O";
				VALIDATE_PRODUCT = YES;
			};
			name = Release;
		};
		35076C55230468F6006BBDDF /* Debug */ = {
			isa = XCBuildConfiguration;
			baseConfigurationReference = DB3017CA310FD2AA0059EE18 /* Pods-AIropress.debug.xcconfig */;
			buildSettings = {
				ASSETCATALOG_COMPILER_APPICON_NAME = AppIcon;
				CODE_SIGN_STYLE = Automatic;
				DEVELOPMENT_TEAM = B4UQ3LXCE4;
				INFOPLIST_FILE = AIropress/Info.plist;
				LD_RUNPATH_SEARCH_PATHS = (
					"$(inherited)",
					"@executable_path/Frameworks",
				);
				PRODUCT_BUNDLE_IDENTIFIER = xskypala.AIropress;
				PRODUCT_NAME = "$(TARGET_NAME)";
				SWIFT_VERSION = 5.0;
				TARGETED_DEVICE_FAMILY = "1,2";
			};
			name = Debug;
		};
		35076C56230468F6006BBDDF /* Release */ = {
			isa = XCBuildConfiguration;
			baseConfigurationReference = 82F617CABEF1402A5A3CB0AE /* Pods-AIropress.release.xcconfig */;
			buildSettings = {
				ASSETCATALOG_COMPILER_APPICON_NAME = AppIcon;
				CODE_SIGN_STYLE = Automatic;
				DEVELOPMENT_TEAM = B4UQ3LXCE4;
				INFOPLIST_FILE = AIropress/Info.plist;
				LD_RUNPATH_SEARCH_PATHS = (
					"$(inherited)",
					"@executable_path/Frameworks",
				);
				PRODUCT_BUNDLE_IDENTIFIER = xskypala.AIropress;
				PRODUCT_NAME = "$(TARGET_NAME)";
				SWIFT_VERSION = 5.0;
				TARGETED_DEVICE_FAMILY = "1,2";
			};
			name = Release;
		};
		35076C58230468F6006BBDDF /* Debug */ = {
			isa = XCBuildConfiguration;
			baseConfigurationReference = DD14950032619E994894DF06 /* Pods-AIropressTests.debug.xcconfig */;
			buildSettings = {
				CODE_SIGN_STYLE = Automatic;
				DEVELOPMENT_TEAM = B4UQ3LXCE4;
				INFOPLIST_FILE = AIropressTests/Info.plist;
				LD_RUNPATH_SEARCH_PATHS = (
					"$(inherited)",
					"@executable_path/Frameworks",
					"@loader_path/Frameworks",
				);
				PRODUCT_BUNDLE_IDENTIFIER = xskypala.AIropressTests;
				PRODUCT_NAME = "$(TARGET_NAME)";
				SWIFT_VERSION = 5.0;
				TARGETED_DEVICE_FAMILY = "1,2";
			};
			name = Debug;
		};
		35076C59230468F6006BBDDF /* Release */ = {
			isa = XCBuildConfiguration;
			baseConfigurationReference = 73DCB98EDA12910FCCC07D77 /* Pods-AIropressTests.release.xcconfig */;
			buildSettings = {
				CODE_SIGN_STYLE = Automatic;
				DEVELOPMENT_TEAM = B4UQ3LXCE4;
				INFOPLIST_FILE = AIropressTests/Info.plist;
				LD_RUNPATH_SEARCH_PATHS = (
					"$(inherited)",
					"@executable_path/Frameworks",
					"@loader_path/Frameworks",
				);
				PRODUCT_BUNDLE_IDENTIFIER = xskypala.AIropressTests;
				PRODUCT_NAME = "$(TARGET_NAME)";
				SWIFT_VERSION = 5.0;
				TARGETED_DEVICE_FAMILY = "1,2";
			};
			name = Release;
		};
		3575DC3E2380950400DDE35E /* Format */ = {
			isa = XCBuildConfiguration;
			buildSettings = {
				ALWAYS_SEARCH_USER_PATHS = NO;
				CLANG_ANALYZER_NONNULL = YES;
				CLANG_ANALYZER_NUMBER_OBJECT_CONVERSION = YES_AGGRESSIVE;
				CLANG_CXX_LANGUAGE_STANDARD = "gnu++14";
				CLANG_CXX_LIBRARY = "libc++";
				CLANG_ENABLE_MODULES = YES;
				CLANG_ENABLE_OBJC_ARC = YES;
				CLANG_ENABLE_OBJC_WEAK = YES;
				CLANG_WARN_BLOCK_CAPTURE_AUTORELEASING = YES;
				CLANG_WARN_BOOL_CONVERSION = YES;
				CLANG_WARN_COMMA = YES;
				CLANG_WARN_CONSTANT_CONVERSION = YES;
				CLANG_WARN_DEPRECATED_OBJC_IMPLEMENTATIONS = YES;
				CLANG_WARN_DIRECT_OBJC_ISA_USAGE = YES_ERROR;
				CLANG_WARN_DOCUMENTATION_COMMENTS = YES;
				CLANG_WARN_EMPTY_BODY = YES;
				CLANG_WARN_ENUM_CONVERSION = YES;
				CLANG_WARN_INFINITE_RECURSION = YES;
				CLANG_WARN_INT_CONVERSION = YES;
				CLANG_WARN_NON_LITERAL_NULL_CONVERSION = YES;
				CLANG_WARN_OBJC_IMPLICIT_RETAIN_SELF = YES;
				CLANG_WARN_OBJC_LITERAL_CONVERSION = YES;
				CLANG_WARN_OBJC_ROOT_CLASS = YES_ERROR;
				CLANG_WARN_RANGE_LOOP_ANALYSIS = YES;
				CLANG_WARN_STRICT_PROTOTYPES = YES;
				CLANG_WARN_SUSPICIOUS_MOVE = YES;
				CLANG_WARN_UNGUARDED_AVAILABILITY = YES_AGGRESSIVE;
				CLANG_WARN_UNREACHABLE_CODE = YES;
				CLANG_WARN__DUPLICATE_METHOD_MATCH = YES;
				CODE_SIGN_IDENTITY = "iPhone Developer";
				COPY_PHASE_STRIP = NO;
				DEBUG_INFORMATION_FORMAT = dwarf;
				ENABLE_STRICT_OBJC_MSGSEND = YES;
				ENABLE_TESTABILITY = YES;
				GCC_C_LANGUAGE_STANDARD = gnu11;
				GCC_DYNAMIC_NO_PIC = NO;
				GCC_NO_COMMON_BLOCKS = YES;
				GCC_OPTIMIZATION_LEVEL = 0;
				GCC_PREPROCESSOR_DEFINITIONS = (
					"DEBUG=1",
					"$(inherited)",
				);
				GCC_WARN_64_TO_32_BIT_CONVERSION = YES;
				GCC_WARN_ABOUT_RETURN_TYPE = YES_ERROR;
				GCC_WARN_UNDECLARED_SELECTOR = YES;
				GCC_WARN_UNINITIALIZED_AUTOS = YES_AGGRESSIVE;
				GCC_WARN_UNUSED_FUNCTION = YES;
				GCC_WARN_UNUSED_VARIABLE = YES;
				IPHONEOS_DEPLOYMENT_TARGET = 12.4;
				MTL_ENABLE_DEBUG_INFO = INCLUDE_SOURCE;
				MTL_FAST_MATH = YES;
				ONLY_ACTIVE_ARCH = YES;
				SDKROOT = iphoneos;
				SWIFT_ACTIVE_COMPILATION_CONDITIONS = DEBUG;
				SWIFT_OPTIMIZATION_LEVEL = "-Onone";
			};
			name = Format;
		};
		3575DC3F2380950400DDE35E /* Format */ = {
			isa = XCBuildConfiguration;
			baseConfigurationReference = A0345FC84D934D5DD22754E8 /* Pods-AIropress.format.xcconfig */;
			buildSettings = {
				ASSETCATALOG_COMPILER_APPICON_NAME = AppIcon;
				CODE_SIGN_STYLE = Automatic;
				DEVELOPMENT_TEAM = B4UQ3LXCE4;
				INFOPLIST_FILE = AIropress/Info.plist;
				LD_RUNPATH_SEARCH_PATHS = (
					"$(inherited)",
					"@executable_path/Frameworks",
				);
				PRODUCT_BUNDLE_IDENTIFIER = xskypala.AIropress;
				PRODUCT_NAME = "$(TARGET_NAME)";
				SWIFT_VERSION = 5.0;
				TARGETED_DEVICE_FAMILY = "1,2";
			};
			name = Format;
		};
		3575DC402380950400DDE35E /* Format */ = {
			isa = XCBuildConfiguration;
			baseConfigurationReference = FB792758141312D87B401E96 /* Pods-AIropressTests.format.xcconfig */;
			buildSettings = {
				CODE_SIGN_STYLE = Automatic;
				DEVELOPMENT_TEAM = B4UQ3LXCE4;
				INFOPLIST_FILE = AIropressTests/Info.plist;
				LD_RUNPATH_SEARCH_PATHS = (
					"$(inherited)",
					"@executable_path/Frameworks",
					"@loader_path/Frameworks",
				);
				PRODUCT_BUNDLE_IDENTIFIER = xskypala.AIropressTests;
				PRODUCT_NAME = "$(TARGET_NAME)";
				SWIFT_VERSION = 5.0;
				TARGETED_DEVICE_FAMILY = "1,2";
			};
			name = Format;
		};
/* End XCBuildConfiguration section */

/* Begin XCConfigurationList section */
		35076C32230468F5006BBDDF /* Build configuration list for PBXProject "AIropress" */ = {
			isa = XCConfigurationList;
			buildConfigurations = (
				35076C52230468F6006BBDDF /* Debug */,
				3575DC3E2380950400DDE35E /* Format */,
				35076C53230468F6006BBDDF /* Release */,
			);
			defaultConfigurationIsVisible = 0;
			defaultConfigurationName = Release;
		};
		35076C54230468F6006BBDDF /* Build configuration list for PBXNativeTarget "AIropress" */ = {
			isa = XCConfigurationList;
			buildConfigurations = (
				35076C55230468F6006BBDDF /* Debug */,
				3575DC3F2380950400DDE35E /* Format */,
				35076C56230468F6006BBDDF /* Release */,
			);
			defaultConfigurationIsVisible = 0;
			defaultConfigurationName = Release;
		};
		35076C57230468F6006BBDDF /* Build configuration list for PBXNativeTarget "AIropressTests" */ = {
			isa = XCConfigurationList;
			buildConfigurations = (
				35076C58230468F6006BBDDF /* Debug */,
				3575DC402380950400DDE35E /* Format */,
				35076C59230468F6006BBDDF /* Release */,
			);
			defaultConfigurationIsVisible = 0;
			defaultConfigurationName = Release;
		};
/* End XCConfigurationList section */
	};
	rootObject = 35076C2F230468F5006BBDDF /* Project object */;
}
